// !$*UTF8*$!
{
	archiveVersion = 1;
	classes = {
	};
	objectVersion = 50;
	objects = {

/* Begin PBXBuildFile section */
		1C30E9E9884ACB2950ED6839 /* Pods_OneWayDemo.framework in Frameworks */ = {isa = PBXBuildFile; fileRef = 3B073F3E45036D332045D8D6 /* Pods_OneWayDemo.framework */; };
		4EC6EB99207DE6200069BDEA /* AppDelegate.swift in Sources */ = {isa = PBXBuildFile; fileRef = 4EC6EB98207DE6200069BDEA /* AppDelegate.swift */; };
		4EC6EB9B207DE6200069BDEA /* ToDoViewController.swift in Sources */ = {isa = PBXBuildFile; fileRef = 4EC6EB9A207DE6200069BDEA /* ToDoViewController.swift */; };
		4EC6EB9E207DE6200069BDEA /* Main.storyboard in Resources */ = {isa = PBXBuildFile; fileRef = 4EC6EB9C207DE6200069BDEA /* Main.storyboard */; };
		4EC6EBA0207DE6220069BDEA /* Assets.xcassets in Resources */ = {isa = PBXBuildFile; fileRef = 4EC6EB9F207DE6220069BDEA /* Assets.xcassets */; };
		4EC6EBA3207DE6220069BDEA /* LaunchScreen.storyboard in Resources */ = {isa = PBXBuildFile; fileRef = 4EC6EBA1207DE6220069BDEA /* LaunchScreen.storyboard */; };
		4EC6EBCB207DEB140069BDEA /* ToDoView.swift in Sources */ = {isa = PBXBuildFile; fileRef = 4EC6EBCA207DEB140069BDEA /* ToDoView.swift */; };
		4EC6EBCF207DEB660069BDEA /* Store.swift in Sources */ = {isa = PBXBuildFile; fileRef = 4EC6EBCE207DEB660069BDEA /* Store.swift */; };
		4EC6EBD1207DEC400069BDEA /* StatusBoxView.swift in Sources */ = {isa = PBXBuildFile; fileRef = 4EC6EBD0207DEC400069BDEA /* StatusBoxView.swift */; };
		4EDA4ECB20CF672E00A3B7F2 /* AppDelegate.swift in Sources */ = {isa = PBXBuildFile; fileRef = 4EDA4ECA20CF672E00A3B7F2 /* AppDelegate.swift */; };
		4EDA4ECD20CF672E00A3B7F2 /* ViewController.swift in Sources */ = {isa = PBXBuildFile; fileRef = 4EDA4ECC20CF672E00A3B7F2 /* ViewController.swift */; };
		4EDA4ED020CF672E00A3B7F2 /* Main.storyboard in Resources */ = {isa = PBXBuildFile; fileRef = 4EDA4ECE20CF672E00A3B7F2 /* Main.storyboard */; };
		4EDA4ED220CF673000A3B7F2 /* Assets.xcassets in Resources */ = {isa = PBXBuildFile; fileRef = 4EDA4ED120CF673000A3B7F2 /* Assets.xcassets */; };
		4EDA4ED520CF673000A3B7F2 /* LaunchScreen.storyboard in Resources */ = {isa = PBXBuildFile; fileRef = 4EDA4ED320CF673000A3B7F2 /* LaunchScreen.storyboard */; };
		4EDA4EDF20CF6AFE00A3B7F2 /* Person.swift in Sources */ = {isa = PBXBuildFile; fileRef = 4EDA4EDE20CF6AFE00A3B7F2 /* Person.swift */; };
		4EDA4EE120CF741400A3B7F2 /* Module.swift in Sources */ = {isa = PBXBuildFile; fileRef = 4EDA4EE020CF741400A3B7F2 /* Module.swift */; };
		4EDA4EE320CFFFC600A3B7F2 /* PersonManager.swift in Sources */ = {isa = PBXBuildFile; fileRef = 4EDA4EE220CFFFC600A3B7F2 /* PersonManager.swift */; };
		4EDA4EED20D0C1DD00A3B7F2 /* AppDelegate.swift in Sources */ = {isa = PBXBuildFile; fileRef = 4EDA4EEC20D0C1DD00A3B7F2 /* AppDelegate.swift */; };
		4EDA4EEF20D0C1DD00A3B7F2 /* ViewController.swift in Sources */ = {isa = PBXBuildFile; fileRef = 4EDA4EEE20D0C1DD00A3B7F2 /* ViewController.swift */; };
		4EDA4EF220D0C1DD00A3B7F2 /* Main.storyboard in Resources */ = {isa = PBXBuildFile; fileRef = 4EDA4EF020D0C1DD00A3B7F2 /* Main.storyboard */; };
		4EDA4EF420D0C1DF00A3B7F2 /* Assets.xcassets in Resources */ = {isa = PBXBuildFile; fileRef = 4EDA4EF320D0C1DF00A3B7F2 /* Assets.xcassets */; };
		4EDA4EF720D0C1DF00A3B7F2 /* LaunchScreen.storyboard in Resources */ = {isa = PBXBuildFile; fileRef = 4EDA4EF520D0C1DF00A3B7F2 /* LaunchScreen.storyboard */; };
		4EDA4F0020D0C21B00A3B7F2 /* Protocol-Name.swift in Sources */ = {isa = PBXBuildFile; fileRef = 4EDA4EFC20D0C21B00A3B7F2 /* Protocol-Name.swift */; };
		4EDA4F0120D0C21B00A3B7F2 /* Person.swift in Sources */ = {isa = PBXBuildFile; fileRef = 4EDA4EFD20D0C21B00A3B7F2 /* Person.swift */; };
		4EDA4F0220D0C21B00A3B7F2 /* Animal.swift in Sources */ = {isa = PBXBuildFile; fileRef = 4EDA4EFE20D0C21B00A3B7F2 /* Animal.swift */; };
		4EDA4F0320D0C21B00A3B7F2 /* Protocol-Gender.swift in Sources */ = {isa = PBXBuildFile; fileRef = 4EDA4EFF20D0C21B00A3B7F2 /* Protocol-Gender.swift */; };
		4EDA4F0520D0C31900A3B7F2 /* ViewController.swift in Sources */ = {isa = PBXBuildFile; fileRef = 4EDA4F0420D0C31900A3B7F2 /* ViewController.swift */; };
		4EDA4F0720D0C76900A3B7F2 /* Animal.swift in Sources */ = {isa = PBXBuildFile; fileRef = 4EDA4F0620D0C76900A3B7F2 /* Animal.swift */; };
		4EDA4F0920D0C7B500A3B7F2 /* Prorocol-Stature.swift in Sources */ = {isa = PBXBuildFile; fileRef = 4EDA4F0820D0C7B500A3B7F2 /* Prorocol-Stature.swift */; };
		4EDA4F0B20D0CBA500A3B7F2 /* PersonManager.swift in Sources */ = {isa = PBXBuildFile; fileRef = 4EDA4F0A20D0CBA500A3B7F2 /* PersonManager.swift */; };
		4EE422D420834B4100835DF7 /* ToDoTableViewCell.swift in Sources */ = {isa = PBXBuildFile; fileRef = 4EE422D320834B4100835DF7 /* ToDoTableViewCell.swift */; };
		4EE422D62084155500835DF7 /* ToDoTableView.swift in Sources */ = {isa = PBXBuildFile; fileRef = 4EE422D52084155500835DF7 /* ToDoTableView.swift */; };
		4EE422DA2084711A00835DF7 /* ToDoDataManager.swift in Sources */ = {isa = PBXBuildFile; fileRef = 4EE422D92084711A00835DF7 /* ToDoDataManager.swift */; };
		731596361699F6836EF087FB /* Pods_OneWayDemoModularity.framework in Frameworks */ = {isa = PBXBuildFile; fileRef = FA4AC3C1E9D7C957E1699109 /* Pods_OneWayDemoModularity.framework */; };
		CCB6E99BA4BBCEF4E683D2A8 /* Pods_OneWayDemoProtocol.framework in Frameworks */ = {isa = PBXBuildFile; fileRef = 54DC848D4232ECF3EF4EAE3B /* Pods_OneWayDemoProtocol.framework */; };
/* End PBXBuildFile section */

/* Begin PBXFileReference section */
		01B6517F18C3F9596382D825 /* Pods-OneWayDemoProtocol.release.xcconfig */ = {isa = PBXFileReference; includeInIndex = 1; lastKnownFileType = text.xcconfig; name = "Pods-OneWayDemoProtocol.release.xcconfig"; path = "Pods/Target Support Files/Pods-OneWayDemoProtocol/Pods-OneWayDemoProtocol.release.xcconfig"; sourceTree = "<group>"; };
		1B31CF7EFA283ECA41347EDE /* Pods-OneWayDemoModularity.release.xcconfig */ = {isa = PBXFileReference; includeInIndex = 1; lastKnownFileType = text.xcconfig; name = "Pods-OneWayDemoModularity.release.xcconfig"; path = "Pods/Target Support Files/Pods-OneWayDemoModularity/Pods-OneWayDemoModularity.release.xcconfig"; sourceTree = "<group>"; };
		284730DC6D6C100C049B8BA1 /* Pods-OneWayDemo.debug.xcconfig */ = {isa = PBXFileReference; includeInIndex = 1; lastKnownFileType = text.xcconfig; name = "Pods-OneWayDemo.debug.xcconfig"; path = "Pods/Target Support Files/Pods-OneWayDemo/Pods-OneWayDemo.debug.xcconfig"; sourceTree = "<group>"; };
		3B073F3E45036D332045D8D6 /* Pods_OneWayDemo.framework */ = {isa = PBXFileReference; explicitFileType = wrapper.framework; includeInIndex = 0; path = Pods_OneWayDemo.framework; sourceTree = BUILT_PRODUCTS_DIR; };
		4EC6EB95207DE6200069BDEA /* OneWayDemo.app */ = {isa = PBXFileReference; explicitFileType = wrapper.application; includeInIndex = 0; path = OneWayDemo.app; sourceTree = BUILT_PRODUCTS_DIR; };
		4EC6EB98207DE6200069BDEA /* AppDelegate.swift */ = {isa = PBXFileReference; lastKnownFileType = sourcecode.swift; path = AppDelegate.swift; sourceTree = "<group>"; };
		4EC6EB9A207DE6200069BDEA /* ToDoViewController.swift */ = {isa = PBXFileReference; lastKnownFileType = sourcecode.swift; path = ToDoViewController.swift; sourceTree = "<group>"; };
		4EC6EB9D207DE6200069BDEA /* Base */ = {isa = PBXFileReference; lastKnownFileType = file.storyboard; name = Base; path = Base.lproj/Main.storyboard; sourceTree = "<group>"; };
		4EC6EB9F207DE6220069BDEA /* Assets.xcassets */ = {isa = PBXFileReference; lastKnownFileType = folder.assetcatalog; path = Assets.xcassets; sourceTree = "<group>"; };
		4EC6EBA2207DE6220069BDEA /* Base */ = {isa = PBXFileReference; lastKnownFileType = file.storyboard; name = Base; path = Base.lproj/LaunchScreen.storyboard; sourceTree = "<group>"; };
		4EC6EBA4207DE6220069BDEA /* Info.plist */ = {isa = PBXFileReference; lastKnownFileType = text.plist.xml; path = Info.plist; sourceTree = "<group>"; };
		4EC6EBCA207DEB140069BDEA /* ToDoView.swift */ = {isa = PBXFileReference; lastKnownFileType = sourcecode.swift; path = ToDoView.swift; sourceTree = "<group>"; };
		4EC6EBCE207DEB660069BDEA /* Store.swift */ = {isa = PBXFileReference; lastKnownFileType = sourcecode.swift; path = Store.swift; sourceTree = "<group>"; };
		4EC6EBD0207DEC400069BDEA /* StatusBoxView.swift */ = {isa = PBXFileReference; lastKnownFileType = sourcecode.swift; path = StatusBoxView.swift; sourceTree = "<group>"; };
		4EDA4EC820CF672E00A3B7F2 /* OneWayDemoModularity.app */ = {isa = PBXFileReference; explicitFileType = wrapper.application; includeInIndex = 0; path = OneWayDemoModularity.app; sourceTree = BUILT_PRODUCTS_DIR; };
		4EDA4ECA20CF672E00A3B7F2 /* AppDelegate.swift */ = {isa = PBXFileReference; lastKnownFileType = sourcecode.swift; path = AppDelegate.swift; sourceTree = "<group>"; };
		4EDA4ECC20CF672E00A3B7F2 /* ViewController.swift */ = {isa = PBXFileReference; lastKnownFileType = sourcecode.swift; path = ViewController.swift; sourceTree = "<group>"; };
		4EDA4ECF20CF672E00A3B7F2 /* Base */ = {isa = PBXFileReference; lastKnownFileType = file.storyboard; name = Base; path = Base.lproj/Main.storyboard; sourceTree = "<group>"; };
		4EDA4ED120CF673000A3B7F2 /* Assets.xcassets */ = {isa = PBXFileReference; lastKnownFileType = folder.assetcatalog; path = Assets.xcassets; sourceTree = "<group>"; };
		4EDA4ED420CF673000A3B7F2 /* Base */ = {isa = PBXFileReference; lastKnownFileType = file.storyboard; name = Base; path = Base.lproj/LaunchScreen.storyboard; sourceTree = "<group>"; };
		4EDA4ED620CF673000A3B7F2 /* Info.plist */ = {isa = PBXFileReference; lastKnownFileType = text.plist.xml; path = Info.plist; sourceTree = "<group>"; };
		4EDA4EDE20CF6AFE00A3B7F2 /* Person.swift */ = {isa = PBXFileReference; lastKnownFileType = sourcecode.swift; path = Person.swift; sourceTree = "<group>"; };
		4EDA4EE020CF741400A3B7F2 /* Module.swift */ = {isa = PBXFileReference; lastKnownFileType = sourcecode.swift; path = Module.swift; sourceTree = "<group>"; };
		4EDA4EE220CFFFC600A3B7F2 /* PersonManager.swift */ = {isa = PBXFileReference; lastKnownFileType = sourcecode.swift; path = PersonManager.swift; sourceTree = "<group>"; };
		4EDA4EEA20D0C1DD00A3B7F2 /* OneWayDemoProtocol.app */ = {isa = PBXFileReference; explicitFileType = wrapper.application; includeInIndex = 0; path = OneWayDemoProtocol.app; sourceTree = BUILT_PRODUCTS_DIR; };
		4EDA4EEC20D0C1DD00A3B7F2 /* AppDelegate.swift */ = {isa = PBXFileReference; lastKnownFileType = sourcecode.swift; path = AppDelegate.swift; sourceTree = "<group>"; };
		4EDA4EEE20D0C1DD00A3B7F2 /* ViewController.swift */ = {isa = PBXFileReference; lastKnownFileType = sourcecode.swift; path = ViewController.swift; sourceTree = "<group>"; };
		4EDA4EF120D0C1DD00A3B7F2 /* Base */ = {isa = PBXFileReference; lastKnownFileType = file.storyboard; name = Base; path = Base.lproj/Main.storyboard; sourceTree = "<group>"; };
		4EDA4EF320D0C1DF00A3B7F2 /* Assets.xcassets */ = {isa = PBXFileReference; lastKnownFileType = folder.assetcatalog; path = Assets.xcassets; sourceTree = "<group>"; };
		4EDA4EF620D0C1DF00A3B7F2 /* Base */ = {isa = PBXFileReference; lastKnownFileType = file.storyboard; name = Base; path = Base.lproj/LaunchScreen.storyboard; sourceTree = "<group>"; };
		4EDA4EF820D0C1DF00A3B7F2 /* Info.plist */ = {isa = PBXFileReference; lastKnownFileType = text.plist.xml; path = Info.plist; sourceTree = "<group>"; };
		4EDA4EFC20D0C21B00A3B7F2 /* Protocol-Name.swift */ = {isa = PBXFileReference; fileEncoding = 4; lastKnownFileType = sourcecode.swift; path = "Protocol-Name.swift"; sourceTree = "<group>"; };
		4EDA4EFD20D0C21B00A3B7F2 /* Person.swift */ = {isa = PBXFileReference; fileEncoding = 4; lastKnownFileType = sourcecode.swift; path = Person.swift; sourceTree = "<group>"; };
		4EDA4EFE20D0C21B00A3B7F2 /* Animal.swift */ = {isa = PBXFileReference; fileEncoding = 4; lastKnownFileType = sourcecode.swift; path = Animal.swift; sourceTree = "<group>"; };
		4EDA4EFF20D0C21B00A3B7F2 /* Protocol-Gender.swift */ = {isa = PBXFileReference; fileEncoding = 4; lastKnownFileType = sourcecode.swift; path = "Protocol-Gender.swift"; sourceTree = "<group>"; };
		4EDA4F0420D0C31900A3B7F2 /* ViewController.swift */ = {isa = PBXFileReference; fileEncoding = 4; lastKnownFileType = sourcecode.swift; path = ViewController.swift; sourceTree = "<group>"; };
		4EDA4F0620D0C76900A3B7F2 /* Animal.swift */ = {isa = PBXFileReference; lastKnownFileType = sourcecode.swift; path = Animal.swift; sourceTree = "<group>"; };
		4EDA4F0820D0C7B500A3B7F2 /* Prorocol-Stature.swift */ = {isa = PBXFileReference; lastKnownFileType = sourcecode.swift; path = "Prorocol-Stature.swift"; sourceTree = "<group>"; };
		4EDA4F0A20D0CBA500A3B7F2 /* PersonManager.swift */ = {isa = PBXFileReference; fileEncoding = 4; lastKnownFileType = sourcecode.swift; path = PersonManager.swift; sourceTree = "<group>"; };
		4EE422D320834B4100835DF7 /* ToDoTableViewCell.swift */ = {isa = PBXFileReference; lastKnownFileType = sourcecode.swift; path = ToDoTableViewCell.swift; sourceTree = "<group>"; };
		4EE422D52084155500835DF7 /* ToDoTableView.swift */ = {isa = PBXFileReference; lastKnownFileType = sourcecode.swift; path = ToDoTableView.swift; sourceTree = "<group>"; };
		4EE422D92084711A00835DF7 /* ToDoDataManager.swift */ = {isa = PBXFileReference; fileEncoding = 4; lastKnownFileType = sourcecode.swift; path = ToDoDataManager.swift; sourceTree = "<group>"; };
		54DC848D4232ECF3EF4EAE3B /* Pods_OneWayDemoProtocol.framework */ = {isa = PBXFileReference; explicitFileType = wrapper.framework; includeInIndex = 0; path = Pods_OneWayDemoProtocol.framework; sourceTree = BUILT_PRODUCTS_DIR; };
		AC05A6BFB64528BA2B17CFE0 /* Pods-OneWayDemoProtocol.debug.xcconfig */ = {isa = PBXFileReference; includeInIndex = 1; lastKnownFileType = text.xcconfig; name = "Pods-OneWayDemoProtocol.debug.xcconfig"; path = "Pods/Target Support Files/Pods-OneWayDemoProtocol/Pods-OneWayDemoProtocol.debug.xcconfig"; sourceTree = "<group>"; };
		C9BEBE56D72BAE79720C74B9 /* Pods-OneWayDemoModularity.debug.xcconfig */ = {isa = PBXFileReference; includeInIndex = 1; lastKnownFileType = text.xcconfig; name = "Pods-OneWayDemoModularity.debug.xcconfig"; path = "Pods/Target Support Files/Pods-OneWayDemoModularity/Pods-OneWayDemoModularity.debug.xcconfig"; sourceTree = "<group>"; };
		F2F6FB65C0F091489802DDE9 /* Pods-OneWayDemo.release.xcconfig */ = {isa = PBXFileReference; includeInIndex = 1; lastKnownFileType = text.xcconfig; name = "Pods-OneWayDemo.release.xcconfig"; path = "Pods/Target Support Files/Pods-OneWayDemo/Pods-OneWayDemo.release.xcconfig"; sourceTree = "<group>"; };
		FA4AC3C1E9D7C957E1699109 /* Pods_OneWayDemoModularity.framework */ = {isa = PBXFileReference; explicitFileType = wrapper.framework; includeInIndex = 0; path = Pods_OneWayDemoModularity.framework; sourceTree = BUILT_PRODUCTS_DIR; };
/* End PBXFileReference section */

/* Begin PBXFrameworksBuildPhase section */
		4EC6EB92207DE6200069BDEA /* Frameworks */ = {
			isa = PBXFrameworksBuildPhase;
			buildActionMask = 2147483647;
			files = (
				1C30E9E9884ACB2950ED6839 /* Pods_OneWayDemo.framework in Frameworks */,
			);
			runOnlyForDeploymentPostprocessing = 0;
		};
		4EDA4EC520CF672E00A3B7F2 /* Frameworks */ = {
			isa = PBXFrameworksBuildPhase;
			buildActionMask = 2147483647;
			files = (
				731596361699F6836EF087FB /* Pods_OneWayDemoModularity.framework in Frameworks */,
			);
			runOnlyForDeploymentPostprocessing = 0;
		};
		4EDA4EE720D0C1DD00A3B7F2 /* Frameworks */ = {
			isa = PBXFrameworksBuildPhase;
			buildActionMask = 2147483647;
			files = (
				CCB6E99BA4BBCEF4E683D2A8 /* Pods_OneWayDemoProtocol.framework in Frameworks */,
			);
			runOnlyForDeploymentPostprocessing = 0;
		};
/* End PBXFrameworksBuildPhase section */

/* Begin PBXGroup section */
		4EC6EB8C207DE6200069BDEA = {
			isa = PBXGroup;
			children = (
				4EC6EB97207DE6200069BDEA /* OneWayDemo */,
				4EDA4EEB20D0C1DD00A3B7F2 /* OneWayDemoProtocol */,
				4EDA4EC920CF672E00A3B7F2 /* OneWayDemoModularity */,
				4EC6EB96207DE6200069BDEA /* Products */,
				B02EFC869D788A3362E6C4F1 /* Pods */,
				5E2AC4356BDCEA1E399182E4 /* Frameworks */,
			);
			sourceTree = "<group>";
		};
		4EC6EB96207DE6200069BDEA /* Products */ = {
			isa = PBXGroup;
			children = (
				4EC6EB95207DE6200069BDEA /* OneWayDemo.app */,
				4EDA4EC820CF672E00A3B7F2 /* OneWayDemoModularity.app */,
				4EDA4EEA20D0C1DD00A3B7F2 /* OneWayDemoProtocol.app */,
			);
			name = Products;
			sourceTree = "<group>";
		};
		4EC6EB97207DE6200069BDEA /* OneWayDemo */ = {
			isa = PBXGroup;
			children = (
				4EC6EB98207DE6200069BDEA /* AppDelegate.swift */,
				4EDA4F0420D0C31900A3B7F2 /* ViewController.swift */,
				4EC6EBCE207DEB660069BDEA /* Store.swift */,
				4EC6EB9A207DE6200069BDEA /* ToDoViewController.swift */,
				4EE422D52084155500835DF7 /* ToDoTableView.swift */,
				4EE422D320834B4100835DF7 /* ToDoTableViewCell.swift */,
				4EC6EBCA207DEB140069BDEA /* ToDoView.swift */,
				4EC6EBD0207DEC400069BDEA /* StatusBoxView.swift */,
				4EE422D92084711A00835DF7 /* ToDoDataManager.swift */,
				4EC6EB9C207DE6200069BDEA /* Main.storyboard */,
				4EC6EB9F207DE6220069BDEA /* Assets.xcassets */,
				4EC6EBA1207DE6220069BDEA /* LaunchScreen.storyboard */,
				4EC6EBA4207DE6220069BDEA /* Info.plist */,
			);
			path = OneWayDemo;
			sourceTree = "<group>";
		};
		4EDA4EC920CF672E00A3B7F2 /* OneWayDemoModularity */ = {
			isa = PBXGroup;
			children = (
				4EDA4ECA20CF672E00A3B7F2 /* AppDelegate.swift */,
				4EDA4ECC20CF672E00A3B7F2 /* ViewController.swift */,
				4EDA4EE020CF741400A3B7F2 /* Module.swift */,
				4EDA4EDE20CF6AFE00A3B7F2 /* Person.swift */,
				4EDA4F0620D0C76900A3B7F2 /* Animal.swift */,
				4EDA4EE220CFFFC600A3B7F2 /* PersonManager.swift */,
				4EDA4ECE20CF672E00A3B7F2 /* Main.storyboard */,
				4EDA4ED120CF673000A3B7F2 /* Assets.xcassets */,
				4EDA4ED320CF673000A3B7F2 /* LaunchScreen.storyboard */,
				4EDA4ED620CF673000A3B7F2 /* Info.plist */,
			);
			path = OneWayDemoModularity;
			sourceTree = "<group>";
		};
		4EDA4EEB20D0C1DD00A3B7F2 /* OneWayDemoProtocol */ = {
			isa = PBXGroup;
			children = (
				4EDA4EEC20D0C1DD00A3B7F2 /* AppDelegate.swift */,
				4EDA4EEE20D0C1DD00A3B7F2 /* ViewController.swift */,
				4EDA4EF020D0C1DD00A3B7F2 /* Main.storyboard */,
				4EDA4EFE20D0C21B00A3B7F2 /* Animal.swift */,
				4EDA4EFD20D0C21B00A3B7F2 /* Person.swift */,
				4EDA4EFF20D0C21B00A3B7F2 /* Protocol-Gender.swift */,
				4EDA4EFC20D0C21B00A3B7F2 /* Protocol-Name.swift */,
				4EDA4F0820D0C7B500A3B7F2 /* Prorocol-Stature.swift */,
				4EDA4F0A20D0CBA500A3B7F2 /* PersonManager.swift */,
				4EDA4EF320D0C1DF00A3B7F2 /* Assets.xcassets */,
				4EDA4EF520D0C1DF00A3B7F2 /* LaunchScreen.storyboard */,
				4EDA4EF820D0C1DF00A3B7F2 /* Info.plist */,
			);
			path = OneWayDemoProtocol;
			sourceTree = "<group>";
		};
		5E2AC4356BDCEA1E399182E4 /* Frameworks */ = {
			isa = PBXGroup;
			children = (
				3B073F3E45036D332045D8D6 /* Pods_OneWayDemo.framework */,
				FA4AC3C1E9D7C957E1699109 /* Pods_OneWayDemoModularity.framework */,
				54DC848D4232ECF3EF4EAE3B /* Pods_OneWayDemoProtocol.framework */,
			);
			name = Frameworks;
			sourceTree = "<group>";
		};
		B02EFC869D788A3362E6C4F1 /* Pods */ = {
			isa = PBXGroup;
			children = (
				284730DC6D6C100C049B8BA1 /* Pods-OneWayDemo.debug.xcconfig */,
				F2F6FB65C0F091489802DDE9 /* Pods-OneWayDemo.release.xcconfig */,
				C9BEBE56D72BAE79720C74B9 /* Pods-OneWayDemoModularity.debug.xcconfig */,
				1B31CF7EFA283ECA41347EDE /* Pods-OneWayDemoModularity.release.xcconfig */,
				AC05A6BFB64528BA2B17CFE0 /* Pods-OneWayDemoProtocol.debug.xcconfig */,
				01B6517F18C3F9596382D825 /* Pods-OneWayDemoProtocol.release.xcconfig */,
			);
			name = Pods;
			sourceTree = "<group>";
		};
/* End PBXGroup section */

/* Begin PBXNativeTarget section */
		4EC6EB94207DE6200069BDEA /* OneWayDemo */ = {
			isa = PBXNativeTarget;
			buildConfigurationList = 4EC6EBBD207DE6220069BDEA /* Build configuration list for PBXNativeTarget "OneWayDemo" */;
			buildPhases = (
				95EAA743D180F42E68F38611 /* [CP] Check Pods Manifest.lock */,
				4EC6EB91207DE6200069BDEA /* Sources */,
				4EC6EB92207DE6200069BDEA /* Frameworks */,
				4EC6EB93207DE6200069BDEA /* Resources */,
				09F8ADC3CADC2CD0258272F2 /* [CP] Embed Pods Frameworks */,
				F814C16B93A175B89FB25897 /* [CP] Copy Pods Resources */,
			);
			buildRules = (
			);
			dependencies = (
			);
			name = OneWayDemo;
			productName = OneWayDemo;
			productReference = 4EC6EB95207DE6200069BDEA /* OneWayDemo.app */;
			productType = "com.apple.product-type.application";
		};
		4EDA4EC720CF672E00A3B7F2 /* OneWayDemoModularity */ = {
			isa = PBXNativeTarget;
			buildConfigurationList = 4EDA4ED920CF673000A3B7F2 /* Build configuration list for PBXNativeTarget "OneWayDemoModularity" */;
			buildPhases = (
				021E144389F9E5FD1A47821F /* [CP] Check Pods Manifest.lock */,
				4EDA4EC420CF672E00A3B7F2 /* Sources */,
				4EDA4EC520CF672E00A3B7F2 /* Frameworks */,
				4EDA4EC620CF672E00A3B7F2 /* Resources */,
				B750838D4677861E03056E89 /* [CP] Embed Pods Frameworks */,
				F0F00CCCC554FDD0E479F585 /* [CP] Copy Pods Resources */,
			);
			buildRules = (
			);
			dependencies = (
			);
			name = OneWayDemoModularity;
			productName = OneWayDemoModularity;
			productReference = 4EDA4EC820CF672E00A3B7F2 /* OneWayDemoModularity.app */;
			productType = "com.apple.product-type.application";
		};
		4EDA4EE920D0C1DD00A3B7F2 /* OneWayDemoProtocol */ = {
			isa = PBXNativeTarget;
			buildConfigurationList = 4EDA4EF920D0C1DF00A3B7F2 /* Build configuration list for PBXNativeTarget "OneWayDemoProtocol" */;
			buildPhases = (
				3F03454CE61C060BEF1071F5 /* [CP] Check Pods Manifest.lock */,
				4EDA4EE620D0C1DD00A3B7F2 /* Sources */,
				4EDA4EE720D0C1DD00A3B7F2 /* Frameworks */,
				4EDA4EE820D0C1DD00A3B7F2 /* Resources */,
				44CBBB036AA9A982A318299D /* [CP] Embed Pods Frameworks */,
				2F2D4938879AEFB69FF093CF /* [CP] Copy Pods Resources */,
			);
			buildRules = (
			);
			dependencies = (
			);
			name = OneWayDemoProtocol;
			productName = OneWayDemoProtocol;
			productReference = 4EDA4EEA20D0C1DD00A3B7F2 /* OneWayDemoProtocol.app */;
			productType = "com.apple.product-type.application";
		};
/* End PBXNativeTarget section */

/* Begin PBXProject section */
		4EC6EB8D207DE6200069BDEA /* Project object */ = {
			isa = PBXProject;
			attributes = {
				LastSwiftUpdateCheck = 0940;
				LastUpgradeCheck = 0930;
				ORGANIZATIONNAME = Toki;
				TargetAttributes = {
					4EC6EB94207DE6200069BDEA = {
						CreatedOnToolsVersion = 9.3;
					};
					4EDA4EC720CF672E00A3B7F2 = {
						CreatedOnToolsVersion = 9.4;
					};
					4EDA4EE920D0C1DD00A3B7F2 = {
						CreatedOnToolsVersion = 9.4;
					};
				};
			};
			buildConfigurationList = 4EC6EB90207DE6200069BDEA /* Build configuration list for PBXProject "OneWayDemo" */;
			compatibilityVersion = "Xcode 9.3";
			developmentRegion = en;
			hasScannedForEncodings = 0;
			knownRegions = (
				en,
				Base,
			);
			mainGroup = 4EC6EB8C207DE6200069BDEA;
			productRefGroup = 4EC6EB96207DE6200069BDEA /* Products */;
			projectDirPath = "";
			projectRoot = "";
			targets = (
				4EC6EB94207DE6200069BDEA /* OneWayDemo */,
				4EDA4EC720CF672E00A3B7F2 /* OneWayDemoModularity */,
				4EDA4EE920D0C1DD00A3B7F2 /* OneWayDemoProtocol */,
			);
		};
/* End PBXProject section */

/* Begin PBXResourcesBuildPhase section */
		4EC6EB93207DE6200069BDEA /* Resources */ = {
			isa = PBXResourcesBuildPhase;
			buildActionMask = 2147483647;
			files = (
				4EC6EBA3207DE6220069BDEA /* LaunchScreen.storyboard in Resources */,
				4EC6EBA0207DE6220069BDEA /* Assets.xcassets in Resources */,
				4EC6EB9E207DE6200069BDEA /* Main.storyboard in Resources */,
			);
			runOnlyForDeploymentPostprocessing = 0;
		};
		4EDA4EC620CF672E00A3B7F2 /* Resources */ = {
			isa = PBXResourcesBuildPhase;
			buildActionMask = 2147483647;
			files = (
				4EDA4ED520CF673000A3B7F2 /* LaunchScreen.storyboard in Resources */,
				4EDA4ED220CF673000A3B7F2 /* Assets.xcassets in Resources */,
				4EDA4ED020CF672E00A3B7F2 /* Main.storyboard in Resources */,
			);
			runOnlyForDeploymentPostprocessing = 0;
		};
		4EDA4EE820D0C1DD00A3B7F2 /* Resources */ = {
			isa = PBXResourcesBuildPhase;
			buildActionMask = 2147483647;
			files = (
				4EDA4EF720D0C1DF00A3B7F2 /* LaunchScreen.storyboard in Resources */,
				4EDA4EF420D0C1DF00A3B7F2 /* Assets.xcassets in Resources */,
				4EDA4EF220D0C1DD00A3B7F2 /* Main.storyboard in Resources */,
			);
			runOnlyForDeploymentPostprocessing = 0;
		};
/* End PBXResourcesBuildPhase section */

/* Begin PBXShellScriptBuildPhase section */
		021E144389F9E5FD1A47821F /* [CP] Check Pods Manifest.lock */ = {
			isa = PBXShellScriptBuildPhase;
			buildActionMask = 2147483647;
			files = (
			);
			inputPaths = (
				"${PODS_PODFILE_DIR_PATH}/Podfile.lock",
				"${PODS_ROOT}/Manifest.lock",
			);
			name = "[CP] Check Pods Manifest.lock";
			outputPaths = (
				"$(DERIVED_FILE_DIR)/Pods-OneWayDemoModularity-checkManifestLockResult.txt",
			);
			runOnlyForDeploymentPostprocessing = 0;
			shellPath = /bin/sh;
			shellScript = "diff \"${PODS_PODFILE_DIR_PATH}/Podfile.lock\" \"${PODS_ROOT}/Manifest.lock\" > /dev/null\nif [ $? != 0 ] ; then\n    # print error to STDERR\n    echo \"error: The sandbox is not in sync with the Podfile.lock. Run 'pod install' or update your CocoaPods installation.\" >&2\n    exit 1\nfi\n# This output is used by Xcode 'outputs' to avoid re-running this script phase.\necho \"SUCCESS\" > \"${SCRIPT_OUTPUT_FILE_0}\"\n";
			showEnvVarsInLog = 0;
		};
		09F8ADC3CADC2CD0258272F2 /* [CP] Embed Pods Frameworks */ = {
			isa = PBXShellScriptBuildPhase;
			buildActionMask = 2147483647;
			files = (
			);
			inputPaths = (
				"${SRCROOT}/Pods/Target Support Files/Pods-OneWayDemo/Pods-OneWayDemo-frameworks.sh",
				"${BUILT_PRODUCTS_DIR}/SnapKit/SnapKit.framework",
			);
			name = "[CP] Embed Pods Frameworks";
			outputPaths = (
				"${TARGET_BUILD_DIR}/${FRAMEWORKS_FOLDER_PATH}/SnapKit.framework",
			);
			runOnlyForDeploymentPostprocessing = 0;
			shellPath = /bin/sh;
			shellScript = "\"${SRCROOT}/Pods/Target Support Files/Pods-OneWayDemo/Pods-OneWayDemo-frameworks.sh\"\n";
			showEnvVarsInLog = 0;
		};
		2F2D4938879AEFB69FF093CF /* [CP] Copy Pods Resources */ = {
			isa = PBXShellScriptBuildPhase;
			buildActionMask = 2147483647;
			files = (
			);
			inputPaths = (
				"${SRCROOT}/Pods/Target Support Files/Pods-OneWayDemoProtocol/Pods-OneWayDemoProtocol-resources.sh",
				"${PODS_ROOT}/UMengUShare/UShareSDK/UMSocialSDK/UMSocialSDKPromptResources.bundle",
				"${PODS_ROOT}/UMengUShare/UShareSDK/SocialLibraries/QQ/QQSDK/TencentOpenApi_IOS_Bundle.bundle",
				"${PODS_ROOT}/UMengUShare/UShareSDK/SocialLibraries/Sina/SinaSDK/WeiboSDK.bundle",
				"${PODS_ROOT}/UMengUShare/UShareSDK/UMSocialUI/UMSocialSDKResources.bundle",
			);
			name = "[CP] Copy Pods Resources";
			outputPaths = (
				"${TARGET_BUILD_DIR}/${UNLOCALIZED_RESOURCES_FOLDER_PATH}/UMSocialSDKPromptResources.bundle",
				"${TARGET_BUILD_DIR}/${UNLOCALIZED_RESOURCES_FOLDER_PATH}/TencentOpenApi_IOS_Bundle.bundle",
				"${TARGET_BUILD_DIR}/${UNLOCALIZED_RESOURCES_FOLDER_PATH}/WeiboSDK.bundle",
				"${TARGET_BUILD_DIR}/${UNLOCALIZED_RESOURCES_FOLDER_PATH}/UMSocialSDKResources.bundle",
			);
			runOnlyForDeploymentPostprocessing = 0;
			shellPath = /bin/sh;
			shellScript = "\"${SRCROOT}/Pods/Target Support Files/Pods-OneWayDemoProtocol/Pods-OneWayDemoProtocol-resources.sh\"\n";
			showEnvVarsInLog = 0;
		};
		3F03454CE61C060BEF1071F5 /* [CP] Check Pods Manifest.lock */ = {
			isa = PBXShellScriptBuildPhase;
			buildActionMask = 2147483647;
			files = (
			);
			inputPaths = (
				"${PODS_PODFILE_DIR_PATH}/Podfile.lock",
				"${PODS_ROOT}/Manifest.lock",
			);
			name = "[CP] Check Pods Manifest.lock";
			outputPaths = (
				"$(DERIVED_FILE_DIR)/Pods-OneWayDemoProtocol-checkManifestLockResult.txt",
			);
			runOnlyForDeploymentPostprocessing = 0;
			shellPath = /bin/sh;
			shellScript = "diff \"${PODS_PODFILE_DIR_PATH}/Podfile.lock\" \"${PODS_ROOT}/Manifest.lock\" > /dev/null\nif [ $? != 0 ] ; then\n    # print error to STDERR\n    echo \"error: The sandbox is not in sync with the Podfile.lock. Run 'pod install' or update your CocoaPods installation.\" >&2\n    exit 1\nfi\n# This output is used by Xcode 'outputs' to avoid re-running this script phase.\necho \"SUCCESS\" > \"${SCRIPT_OUTPUT_FILE_0}\"\n";
			showEnvVarsInLog = 0;
		};
		44CBBB036AA9A982A318299D /* [CP] Embed Pods Frameworks */ = {
			isa = PBXShellScriptBuildPhase;
			buildActionMask = 2147483647;
			files = (
			);
			inputPaths = (
				"${SRCROOT}/Pods/Target Support Files/Pods-OneWayDemoProtocol/Pods-OneWayDemoProtocol-frameworks.sh",
				"${BUILT_PRODUCTS_DIR}/SnapKit/SnapKit.framework",
			);
			name = "[CP] Embed Pods Frameworks";
			outputPaths = (
				"${TARGET_BUILD_DIR}/${FRAMEWORKS_FOLDER_PATH}/SnapKit.framework",
			);
			runOnlyForDeploymentPostprocessing = 0;
			shellPath = /bin/sh;
			shellScript = "\"${SRCROOT}/Pods/Target Support Files/Pods-OneWayDemoProtocol/Pods-OneWayDemoProtocol-frameworks.sh\"\n";
			showEnvVarsInLog = 0;
		};
		95EAA743D180F42E68F38611 /* [CP] Check Pods Manifest.lock */ = {
			isa = PBXShellScriptBuildPhase;
			buildActionMask = 2147483647;
			files = (
			);
			inputPaths = (
				"${PODS_PODFILE_DIR_PATH}/Podfile.lock",
				"${PODS_ROOT}/Manifest.lock",
			);
			name = "[CP] Check Pods Manifest.lock";
			outputPaths = (
				"$(DERIVED_FILE_DIR)/Pods-OneWayDemo-checkManifestLockResult.txt",
			);
			runOnlyForDeploymentPostprocessing = 0;
			shellPath = /bin/sh;
			shellScript = "diff \"${PODS_PODFILE_DIR_PATH}/Podfile.lock\" \"${PODS_ROOT}/Manifest.lock\" > /dev/null\nif [ $? != 0 ] ; then\n    # print error to STDERR\n    echo \"error: The sandbox is not in sync with the Podfile.lock. Run 'pod install' or update your CocoaPods installation.\" >&2\n    exit 1\nfi\n# This output is used by Xcode 'outputs' to avoid re-running this script phase.\necho \"SUCCESS\" > \"${SCRIPT_OUTPUT_FILE_0}\"\n";
			showEnvVarsInLog = 0;
		};
		B750838D4677861E03056E89 /* [CP] Embed Pods Frameworks */ = {
			isa = PBXShellScriptBuildPhase;
			buildActionMask = 2147483647;
			files = (
			);
			inputPaths = (
				"${SRCROOT}/Pods/Target Support Files/Pods-OneWayDemoModularity/Pods-OneWayDemoModularity-frameworks.sh",
				"${BUILT_PRODUCTS_DIR}/SnapKit/SnapKit.framework",
			);
			name = "[CP] Embed Pods Frameworks";
			outputPaths = (
				"${TARGET_BUILD_DIR}/${FRAMEWORKS_FOLDER_PATH}/SnapKit.framework",
			);
			runOnlyForDeploymentPostprocessing = 0;
			shellPath = /bin/sh;
			shellScript = "\"${SRCROOT}/Pods/Target Support Files/Pods-OneWayDemoModularity/Pods-OneWayDemoModularity-frameworks.sh\"\n";
			showEnvVarsInLog = 0;
		};
		F0F00CCCC554FDD0E479F585 /* [CP] Copy Pods Resources */ = {
			isa = PBXShellScriptBuildPhase;
			buildActionMask = 2147483647;
			files = (
			);
			inputPaths = (
				"${SRCROOT}/Pods/Target Support Files/Pods-OneWayDemoModularity/Pods-OneWayDemoModularity-resources.sh",
				"${PODS_ROOT}/UMengUShare/UShareSDK/UMSocialSDK/UMSocialSDKPromptResources.bundle",
				"${PODS_ROOT}/UMengUShare/UShareSDK/SocialLibraries/QQ/QQSDK/TencentOpenApi_IOS_Bundle.bundle",
				"${PODS_ROOT}/UMengUShare/UShareSDK/SocialLibraries/Sina/SinaSDK/WeiboSDK.bundle",
				"${PODS_ROOT}/UMengUShare/UShareSDK/UMSocialUI/UMSocialSDKResources.bundle",
			);
			name = "[CP] Copy Pods Resources";
			outputPaths = (
				"${TARGET_BUILD_DIR}/${UNLOCALIZED_RESOURCES_FOLDER_PATH}/UMSocialSDKPromptResources.bundle",
				"${TARGET_BUILD_DIR}/${UNLOCALIZED_RESOURCES_FOLDER_PATH}/TencentOpenApi_IOS_Bundle.bundle",
				"${TARGET_BUILD_DIR}/${UNLOCALIZED_RESOURCES_FOLDER_PATH}/WeiboSDK.bundle",
				"${TARGET_BUILD_DIR}/${UNLOCALIZED_RESOURCES_FOLDER_PATH}/UMSocialSDKResources.bundle",
			);
			runOnlyForDeploymentPostprocessing = 0;
			shellPath = /bin/sh;
			shellScript = "\"${SRCROOT}/Pods/Target Support Files/Pods-OneWayDemoModularity/Pods-OneWayDemoModularity-resources.sh\"\n";
			showEnvVarsInLog = 0;
		};
		F814C16B93A175B89FB25897 /* [CP] Copy Pods Resources */ = {
			isa = PBXShellScriptBuildPhase;
			buildActionMask = 2147483647;
			files = (
			);
			inputPaths = (
				"${SRCROOT}/Pods/Target Support Files/Pods-OneWayDemo/Pods-OneWayDemo-resources.sh",
				"${PODS_ROOT}/UMengUShare/UShareSDK/UMSocialSDK/UMSocialSDKPromptResources.bundle",
				"${PODS_ROOT}/UMengUShare/UShareSDK/SocialLibraries/QQ/QQSDK/TencentOpenApi_IOS_Bundle.bundle",
				"${PODS_ROOT}/UMengUShare/UShareSDK/SocialLibraries/Sina/SinaSDK/WeiboSDK.bundle",
				"${PODS_ROOT}/UMengUShare/UShareSDK/UMSocialUI/UMSocialSDKResources.bundle",
			);
			name = "[CP] Copy Pods Resources";
			outputPaths = (
				"${TARGET_BUILD_DIR}/${UNLOCALIZED_RESOURCES_FOLDER_PATH}/UMSocialSDKPromptResources.bundle",
				"${TARGET_BUILD_DIR}/${UNLOCALIZED_RESOURCES_FOLDER_PATH}/TencentOpenApi_IOS_Bundle.bundle",
				"${TARGET_BUILD_DIR}/${UNLOCALIZED_RESOURCES_FOLDER_PATH}/WeiboSDK.bundle",
				"${TARGET_BUILD_DIR}/${UNLOCALIZED_RESOURCES_FOLDER_PATH}/UMSocialSDKResources.bundle",
			);
			runOnlyForDeploymentPostprocessing = 0;
			shellPath = /bin/sh;
			shellScript = "\"${SRCROOT}/Pods/Target Support Files/Pods-OneWayDemo/Pods-OneWayDemo-resources.sh\"\n";
			showEnvVarsInLog = 0;
		};
/* End PBXShellScriptBuildPhase section */

/* Begin PBXSourcesBuildPhase section */
		4EC6EB91207DE6200069BDEA /* Sources */ = {
			isa = PBXSourcesBuildPhase;
			buildActionMask = 2147483647;
			files = (
				4EE422D62084155500835DF7 /* ToDoTableView.swift in Sources */,
				4EC6EBCF207DEB660069BDEA /* Store.swift in Sources */,
				4EC6EB9B207DE6200069BDEA /* ToDoViewController.swift in Sources */,
				4EDA4F0520D0C31900A3B7F2 /* ViewController.swift in Sources */,
				4EE422D420834B4100835DF7 /* ToDoTableViewCell.swift in Sources */,
				4EC6EBD1207DEC400069BDEA /* StatusBoxView.swift in Sources */,
				4EC6EBCB207DEB140069BDEA /* ToDoView.swift in Sources */,
				4EC6EB99207DE6200069BDEA /* AppDelegate.swift in Sources */,
				4EE422DA2084711A00835DF7 /* ToDoDataManager.swift in Sources */,
			);
			runOnlyForDeploymentPostprocessing = 0;
		};
		4EDA4EC420CF672E00A3B7F2 /* Sources */ = {
			isa = PBXSourcesBuildPhase;
			buildActionMask = 2147483647;
			files = (
				4EDA4EDF20CF6AFE00A3B7F2 /* Person.swift in Sources */,
				4EDA4ECD20CF672E00A3B7F2 /* ViewController.swift in Sources */,
				4EDA4ECB20CF672E00A3B7F2 /* AppDelegate.swift in Sources */,
				4EDA4EE320CFFFC600A3B7F2 /* PersonManager.swift in Sources */,
				4EDA4EE120CF741400A3B7F2 /* Module.swift in Sources */,
				4EDA4F0720D0C76900A3B7F2 /* Animal.swift in Sources */,
			);
			runOnlyForDeploymentPostprocessing = 0;
		};
		4EDA4EE620D0C1DD00A3B7F2 /* Sources */ = {
			isa = PBXSourcesBuildPhase;
			buildActionMask = 2147483647;
			files = (
				4EDA4F0B20D0CBA500A3B7F2 /* PersonManager.swift in Sources */,
				4EDA4F0020D0C21B00A3B7F2 /* Protocol-Name.swift in Sources */,
				4EDA4EEF20D0C1DD00A3B7F2 /* ViewController.swift in Sources */,
				4EDA4F0120D0C21B00A3B7F2 /* Person.swift in Sources */,
				4EDA4EED20D0C1DD00A3B7F2 /* AppDelegate.swift in Sources */,
				4EDA4F0920D0C7B500A3B7F2 /* Prorocol-Stature.swift in Sources */,
				4EDA4F0320D0C21B00A3B7F2 /* Protocol-Gender.swift in Sources */,
				4EDA4F0220D0C21B00A3B7F2 /* Animal.swift in Sources */,
			);
			runOnlyForDeploymentPostprocessing = 0;
		};
/* End PBXSourcesBuildPhase section */

/* Begin PBXVariantGroup section */
		4EC6EB9C207DE6200069BDEA /* Main.storyboard */ = {
			isa = PBXVariantGroup;
			children = (
				4EC6EB9D207DE6200069BDEA /* Base */,
			);
			name = Main.storyboard;
			sourceTree = "<group>";
		};
		4EC6EBA1207DE6220069BDEA /* LaunchScreen.storyboard */ = {
			isa = PBXVariantGroup;
			children = (
				4EC6EBA2207DE6220069BDEA /* Base */,
			);
			name = LaunchScreen.storyboard;
			sourceTree = "<group>";
		};
		4EDA4ECE20CF672E00A3B7F2 /* Main.storyboard */ = {
			isa = PBXVariantGroup;
			children = (
				4EDA4ECF20CF672E00A3B7F2 /* Base */,
			);
			name = Main.storyboard;
			sourceTree = "<group>";
		};
		4EDA4ED320CF673000A3B7F2 /* LaunchScreen.storyboard */ = {
			isa = PBXVariantGroup;
			children = (
				4EDA4ED420CF673000A3B7F2 /* Base */,
			);
			name = LaunchScreen.storyboard;
			sourceTree = "<group>";
		};
		4EDA4EF020D0C1DD00A3B7F2 /* Main.storyboard */ = {
			isa = PBXVariantGroup;
			children = (
				4EDA4EF120D0C1DD00A3B7F2 /* Base */,
			);
			name = Main.storyboard;
			sourceTree = "<group>";
		};
		4EDA4EF520D0C1DF00A3B7F2 /* LaunchScreen.storyboard */ = {
			isa = PBXVariantGroup;
			children = (
				4EDA4EF620D0C1DF00A3B7F2 /* Base */,
			);
			name = LaunchScreen.storyboard;
			sourceTree = "<group>";
		};
/* End PBXVariantGroup section */

/* Begin XCBuildConfiguration section */
		4EC6EBBB207DE6220069BDEA /* Debug */ = {
			isa = XCBuildConfiguration;
			buildSettings = {
				ALWAYS_SEARCH_USER_PATHS = NO;
				CLANG_ANALYZER_NONNULL = YES;
				CLANG_ANALYZER_NUMBER_OBJECT_CONVERSION = YES_AGGRESSIVE;
				CLANG_CXX_LANGUAGE_STANDARD = "gnu++14";
				CLANG_CXX_LIBRARY = "libc++";
				CLANG_ENABLE_MODULES = YES;
				CLANG_ENABLE_OBJC_ARC = YES;
				CLANG_ENABLE_OBJC_WEAK = YES;
				CLANG_WARN_BLOCK_CAPTURE_AUTORELEASING = YES;
				CLANG_WARN_BOOL_CONVERSION = YES;
				CLANG_WARN_COMMA = YES;
				CLANG_WARN_CONSTANT_CONVERSION = YES;
				CLANG_WARN_DEPRECATED_OBJC_IMPLEMENTATIONS = YES;
				CLANG_WARN_DIRECT_OBJC_ISA_USAGE = YES_ERROR;
				CLANG_WARN_DOCUMENTATION_COMMENTS = YES;
				CLANG_WARN_EMPTY_BODY = YES;
				CLANG_WARN_ENUM_CONVERSION = YES;
				CLANG_WARN_INFINITE_RECURSION = YES;
				CLANG_WARN_INT_CONVERSION = YES;
				CLANG_WARN_NON_LITERAL_NULL_CONVERSION = YES;
				CLANG_WARN_OBJC_IMPLICIT_RETAIN_SELF = YES;
				CLANG_WARN_OBJC_LITERAL_CONVERSION = YES;
				CLANG_WARN_OBJC_ROOT_CLASS = YES_ERROR;
				CLANG_WARN_RANGE_LOOP_ANALYSIS = YES;
				CLANG_WARN_STRICT_PROTOTYPES = YES;
				CLANG_WARN_SUSPICIOUS_MOVE = YES;
				CLANG_WARN_UNGUARDED_AVAILABILITY = YES_AGGRESSIVE;
				CLANG_WARN_UNREACHABLE_CODE = YES;
				CLANG_WARN__DUPLICATE_METHOD_MATCH = YES;
				CODE_SIGN_IDENTITY = "iPhone Developer";
				COPY_PHASE_STRIP = NO;
				DEBUG_INFORMATION_FORMAT = dwarf;
				ENABLE_STRICT_OBJC_MSGSEND = YES;
				ENABLE_TESTABILITY = YES;
				GCC_C_LANGUAGE_STANDARD = gnu11;
				GCC_DYNAMIC_NO_PIC = NO;
				GCC_NO_COMMON_BLOCKS = YES;
				GCC_OPTIMIZATION_LEVEL = 0;
				GCC_PREPROCESSOR_DEFINITIONS = (
					"DEBUG=1",
					"$(inherited)",
				);
				GCC_WARN_64_TO_32_BIT_CONVERSION = YES;
				GCC_WARN_ABOUT_RETURN_TYPE = YES_ERROR;
				GCC_WARN_UNDECLARED_SELECTOR = YES;
				GCC_WARN_UNINITIALIZED_AUTOS = YES_AGGRESSIVE;
				GCC_WARN_UNUSED_FUNCTION = YES;
				GCC_WARN_UNUSED_VARIABLE = YES;
				IPHONEOS_DEPLOYMENT_TARGET = 11.3;
				MTL_ENABLE_DEBUG_INFO = YES;
				ONLY_ACTIVE_ARCH = YES;
				SDKROOT = iphoneos;
				SWIFT_ACTIVE_COMPILATION_CONDITIONS = DEBUG;
				SWIFT_OPTIMIZATION_LEVEL = "-Onone";
			};
			name = Debug;
		};
		4EC6EBBC207DE6220069BDEA /* Release */ = {
			isa = XCBuildConfiguration;
			buildSettings = {
				ALWAYS_SEARCH_USER_PATHS = NO;
				CLANG_ANALYZER_NONNULL = YES;
				CLANG_ANALYZER_NUMBER_OBJECT_CONVERSION = YES_AGGRESSIVE;
				CLANG_CXX_LANGUAGE_STANDARD = "gnu++14";
				CLANG_CXX_LIBRARY = "libc++";
				CLANG_ENABLE_MODULES = YES;
				CLANG_ENABLE_OBJC_ARC = YES;
				CLANG_ENABLE_OBJC_WEAK = YES;
				CLANG_WARN_BLOCK_CAPTURE_AUTORELEASING = YES;
				CLANG_WARN_BOOL_CONVERSION = YES;
				CLANG_WARN_COMMA = YES;
				CLANG_WARN_CONSTANT_CONVERSION = YES;
				CLANG_WARN_DEPRECATED_OBJC_IMPLEMENTATIONS = YES;
				CLANG_WARN_DIRECT_OBJC_ISA_USAGE = YES_ERROR;
				CLANG_WARN_DOCUMENTATION_COMMENTS = YES;
				CLANG_WARN_EMPTY_BODY = YES;
				CLANG_WARN_ENUM_CONVERSION = YES;
				CLANG_WARN_INFINITE_RECURSION = YES;
				CLANG_WARN_INT_CONVERSION = YES;
				CLANG_WARN_NON_LITERAL_NULL_CONVERSION = YES;
				CLANG_WARN_OBJC_IMPLICIT_RETAIN_SELF = YES;
				CLANG_WARN_OBJC_LITERAL_CONVERSION = YES;
				CLANG_WARN_OBJC_ROOT_CLASS = YES_ERROR;
				CLANG_WARN_RANGE_LOOP_ANALYSIS = YES;
				CLANG_WARN_STRICT_PROTOTYPES = YES;
				CLANG_WARN_SUSPICIOUS_MOVE = YES;
				CLANG_WARN_UNGUARDED_AVAILABILITY = YES_AGGRESSIVE;
				CLANG_WARN_UNREACHABLE_CODE = YES;
				CLANG_WARN__DUPLICATE_METHOD_MATCH = YES;
				CODE_SIGN_IDENTITY = "iPhone Developer";
				COPY_PHASE_STRIP = NO;
				DEBUG_INFORMATION_FORMAT = "dwarf-with-dsym";
				ENABLE_NS_ASSERTIONS = NO;
				ENABLE_STRICT_OBJC_MSGSEND = YES;
				GCC_C_LANGUAGE_STANDARD = gnu11;
				GCC_NO_COMMON_BLOCKS = YES;
				GCC_WARN_64_TO_32_BIT_CONVERSION = YES;
				GCC_WARN_ABOUT_RETURN_TYPE = YES_ERROR;
				GCC_WARN_UNDECLARED_SELECTOR = YES;
				GCC_WARN_UNINITIALIZED_AUTOS = YES_AGGRESSIVE;
				GCC_WARN_UNUSED_FUNCTION = YES;
				GCC_WARN_UNUSED_VARIABLE = YES;
				IPHONEOS_DEPLOYMENT_TARGET = 11.3;
				MTL_ENABLE_DEBUG_INFO = NO;
				SDKROOT = iphoneos;
				SWIFT_COMPILATION_MODE = wholemodule;
				SWIFT_OPTIMIZATION_LEVEL = "-O";
				VALIDATE_PRODUCT = YES;
			};
			name = Release;
		};
		4EC6EBBE207DE6220069BDEA /* Debug */ = {
			isa = XCBuildConfiguration;
			baseConfigurationReference = 284730DC6D6C100C049B8BA1 /* Pods-OneWayDemo.debug.xcconfig */;
			buildSettings = {
				ASSETCATALOG_COMPILER_APPICON_NAME = AppIcon;
				CODE_SIGN_STYLE = Automatic;
				DEVELOPMENT_TEAM = 466T2LS7MJ;
				INFOPLIST_FILE = OneWayDemo/Info.plist;
				LD_RUNPATH_SEARCH_PATHS = (
					"$(inherited)",
					"@executable_path/Frameworks",
				);
				PRODUCT_BUNDLE_IDENTIFIER = TK.OneWayDemo;
				PRODUCT_NAME = "$(TARGET_NAME)";
				SWIFT_VERSION = 4.0;
				TARGETED_DEVICE_FAMILY = "1,2";
			};
			name = Debug;
		};
		4EC6EBBF207DE6220069BDEA /* Release */ = {
			isa = XCBuildConfiguration;
			baseConfigurationReference = F2F6FB65C0F091489802DDE9 /* Pods-OneWayDemo.release.xcconfig */;
			buildSettings = {
				ASSETCATALOG_COMPILER_APPICON_NAME = AppIcon;
				CODE_SIGN_STYLE = Automatic;
				DEVELOPMENT_TEAM = 466T2LS7MJ;
				INFOPLIST_FILE = OneWayDemo/Info.plist;
				LD_RUNPATH_SEARCH_PATHS = (
					"$(inherited)",
					"@executable_path/Frameworks",
				);
				PRODUCT_BUNDLE_IDENTIFIER = TK.OneWayDemo;
				PRODUCT_NAME = "$(TARGET_NAME)";
				SWIFT_VERSION = 4.0;
				TARGETED_DEVICE_FAMILY = "1,2";
			};
			name = Release;
		};
		4EDA4ED720CF673000A3B7F2 /* Debug */ = {
			isa = XCBuildConfiguration;
			baseConfigurationReference = C9BEBE56D72BAE79720C74B9 /* Pods-OneWayDemoModularity.debug.xcconfig */;
			buildSettings = {
				ASSETCATALOG_COMPILER_APPICON_NAME = AppIcon;
				CODE_SIGN_STYLE = Automatic;
				DEVELOPMENT_TEAM = 466T2LS7MJ;
				INFOPLIST_FILE = OneWayDemoModularity/Info.plist;
				IPHONEOS_DEPLOYMENT_TARGET = 11.4;
				LD_RUNPATH_SEARCH_PATHS = (
					"$(inherited)",
					"@executable_path/Frameworks",
				);
				PRODUCT_BUNDLE_IDENTIFIER = TK.OneWayDemoModularity;
				PRODUCT_NAME = "$(TARGET_NAME)";
				SWIFT_VERSION = 4.0;
				TARGETED_DEVICE_FAMILY = "1,2";
			};
			name = Debug;
		};
		4EDA4ED820CF673000A3B7F2 /* Release */ = {
			isa = XCBuildConfiguration;
			baseConfigurationReference = 1B31CF7EFA283ECA41347EDE /* Pods-OneWayDemoModularity.release.xcconfig */;
			buildSettings = {
				ASSETCATALOG_COMPILER_APPICON_NAME = AppIcon;
				CODE_SIGN_STYLE = Automatic;
				DEVELOPMENT_TEAM = 466T2LS7MJ;
				INFOPLIST_FILE = OneWayDemoModularity/Info.plist;
				IPHONEOS_DEPLOYMENT_TARGET = 11.4;
				LD_RUNPATH_SEARCH_PATHS = (
					"$(inherited)",
					"@executable_path/Frameworks",
				);
				PRODUCT_BUNDLE_IDENTIFIER = TK.OneWayDemoModularity;
				PRODUCT_NAME = "$(TARGET_NAME)";
				SWIFT_VERSION = 4.0;
				TARGETED_DEVICE_FAMILY = "1,2";
			};
			name = Release;
		};
		4EDA4EFA20D0C1DF00A3B7F2 /* Debug */ = {
			isa = XCBuildConfiguration;
			baseConfigurationReference = AC05A6BFB64528BA2B17CFE0 /* Pods-OneWayDemoProtocol.debug.xcconfig */;
			buildSettings = {
				ASSETCATALOG_COMPILER_APPICON_NAME = AppIcon;
				CODE_SIGN_STYLE = Automatic;
				DEVELOPMENT_TEAM = 466T2LS7MJ;
				INFOPLIST_FILE = OneWayDemoProtocol/Info.plist;
				IPHONEOS_DEPLOYMENT_TARGET = 11.4;
				LD_RUNPATH_SEARCH_PATHS = (
					"$(inherited)",
					"@executable_path/Frameworks",
				);
				PRODUCT_BUNDLE_IDENTIFIER = TK.OneWayDemoProtocol;
				PRODUCT_NAME = "$(TARGET_NAME)";
				SWIFT_VERSION = 4.0;
				TARGETED_DEVICE_FAMILY = "1,2";
			};
			name = Debug;
		};
		4EDA4EFB20D0C1DF00A3B7F2 /* Release */ = {
			isa = XCBuildConfiguration;
			baseConfigurationReference = 01B6517F18C3F9596382D825 /* Pods-OneWayDemoProtocol.release.xcconfig */;
			buildSettings = {
				ASSETCATALOG_COMPILER_APPICON_NAME = AppIcon;
				CODE_SIGN_STYLE = Automatic;
				DEVELOPMENT_TEAM = 466T2LS7MJ;
				INFOPLIST_FILE = OneWayDemoProtocol/Info.plist;
				IPHONEOS_DEPLOYMENT_TARGET = 11.4;
				LD_RUNPATH_SEARCH_PATHS = (
					"$(inherited)",
					"@executable_path/Frameworks",
				);
				PRODUCT_BUNDLE_IDENTIFIER = TK.OneWayDemoProtocol;
				PRODUCT_NAME = "$(TARGET_NAME)";
				SWIFT_VERSION = 4.0;
				TARGETED_DEVICE_FAMILY = "1,2";
			};
			name = Release;
		};
/* End XCBuildConfiguration section */

/* Begin XCConfigurationList section */
		4EC6EB90207DE6200069BDEA /* Build configuration list for PBXProject "OneWayDemo" */ = {
			isa = XCConfigurationList;
			buildConfigurations = (
				4EC6EBBB207DE6220069BDEA /* Debug */,
				4EC6EBBC207DE6220069BDEA /* Release */,
			);
			defaultConfigurationIsVisible = 0;
			defaultConfigurationName = Release;
		};
		4EC6EBBD207DE6220069BDEA /* Build configuration list for PBXNativeTarget "OneWayDemo" */ = {
			isa = XCConfigurationList;
			buildConfigurations = (
				4EC6EBBE207DE6220069BDEA /* Debug */,
				4EC6EBBF207DE6220069BDEA /* Release */,
			);
			defaultConfigurationIsVisible = 0;
			defaultConfigurationName = Release;
		};
		4EDA4ED920CF673000A3B7F2 /* Build configuration list for PBXNativeTarget "OneWayDemoModularity" */ = {
			isa = XCConfigurationList;
			buildConfigurations = (
				4EDA4ED720CF673000A3B7F2 /* Debug */,
				4EDA4ED820CF673000A3B7F2 /* Release */,
			);
			defaultConfigurationIsVisible = 0;
			defaultConfigurationName = Release;
		};
		4EDA4EF920D0C1DF00A3B7F2 /* Build configuration list for PBXNativeTarget "OneWayDemoProtocol" */ = {
			isa = XCConfigurationList;
			buildConfigurations = (
				4EDA4EFA20D0C1DF00A3B7F2 /* Debug */,
				4EDA4EFB20D0C1DF00A3B7F2 /* Release */,
			);
			defaultConfigurationIsVisible = 0;
			defaultConfigurationName = Release;
		};
/* End XCConfigurationList section */
	};
	rootObject = 4EC6EB8D207DE6200069BDEA /* Project object */;
}
