// !$*UTF8*$!
{
	archiveVersion = 1;
	classes = {
	};
	objectVersion = 50;
	objects = {

/* Begin PBXBuildFile section */
		1C30E9E9884ACB2950ED6839 /* Pods_OneWayDemo.framework in Frameworks */ = {isa = PBXBuildFile; fileRef = 3B073F3E45036D332045D8D6 /* Pods_OneWayDemo.framework */; };
		4EC6EB99207DE6200069BDEA /* AppDelegate.swift in Sources */ = {isa = PBXBuildFile; fileRef = 4EC6EB98207DE6200069BDEA /* AppDelegate.swift */; };
		4EC6EB9B207DE6200069BDEA /* ViewController.swift in Sources */ = {isa = PBXBuildFile; fileRef = 4EC6EB9A207DE6200069BDEA /* ViewController.swift */; };
		4EC6EB9E207DE6200069BDEA /* Main.storyboard in Resources */ = {isa = PBXBuildFile; fileRef = 4EC6EB9C207DE6200069BDEA /* Main.storyboard */; };
		4EC6EBA0207DE6220069BDEA /* Assets.xcassets in Resources */ = {isa = PBXBuildFile; fileRef = 4EC6EB9F207DE6220069BDEA /* Assets.xcassets */; };
		4EC6EBA3207DE6220069BDEA /* LaunchScreen.storyboard in Resources */ = {isa = PBXBuildFile; fileRef = 4EC6EBA1207DE6220069BDEA /* LaunchScreen.storyboard */; };
		4EC6EBAE207DE6220069BDEA /* OneWayDemoTests.swift in Sources */ = {isa = PBXBuildFile; fileRef = 4EC6EBAD207DE6220069BDEA /* OneWayDemoTests.swift */; };
		4EC6EBB9207DE6220069BDEA /* OneWayDemoUITests.swift in Sources */ = {isa = PBXBuildFile; fileRef = 4EC6EBB8207DE6220069BDEA /* OneWayDemoUITests.swift */; };
		4EC6EBCB207DEB140069BDEA /* ToDoView.swift in Sources */ = {isa = PBXBuildFile; fileRef = 4EC6EBCA207DEB140069BDEA /* ToDoView.swift */; };
		4EC6EBCF207DEB660069BDEA /* Store.swift in Sources */ = {isa = PBXBuildFile; fileRef = 4EC6EBCE207DEB660069BDEA /* Store.swift */; };
		4EC6EBD1207DEC400069BDEA /* StatusBoxView.swift in Sources */ = {isa = PBXBuildFile; fileRef = 4EC6EBD0207DEC400069BDEA /* StatusBoxView.swift */; };
		4EE422D420834B4100835DF7 /* ToDoTableViewCell.swift in Sources */ = {isa = PBXBuildFile; fileRef = 4EE422D320834B4100835DF7 /* ToDoTableViewCell.swift */; };
		4EE422D62084155500835DF7 /* ToDoTableView.swift in Sources */ = {isa = PBXBuildFile; fileRef = 4EE422D52084155500835DF7 /* ToDoTableView.swift */; };
		4EE422DA2084711A00835DF7 /* ToDoDataManager.swift in Sources */ = {isa = PBXBuildFile; fileRef = 4EE422D92084711A00835DF7 /* ToDoDataManager.swift */; };
/* End PBXBuildFile section */

/* Begin PBXContainerItemProxy section */
		4EC6EBAA207DE6220069BDEA /* PBXContainerItemProxy */ = {
			isa = PBXContainerItemProxy;
			containerPortal = 4EC6EB8D207DE6200069BDEA /* Project object */;
			proxyType = 1;
			remoteGlobalIDString = 4EC6EB94207DE6200069BDEA;
			remoteInfo = OneWayDemo;
		};
		4EC6EBB5207DE6220069BDEA /* PBXContainerItemProxy */ = {
			isa = PBXContainerItemProxy;
			containerPortal = 4EC6EB8D207DE6200069BDEA /* Project object */;
			proxyType = 1;
			remoteGlobalIDString = 4EC6EB94207DE6200069BDEA;
			remoteInfo = OneWayDemo;
		};
/* End PBXContainerItemProxy section */

/* Begin PBXFileReference section */
		284730DC6D6C100C049B8BA1 /* Pods-OneWayDemo.debug.xcconfig */ = {isa = PBXFileReference; includeInIndex = 1; lastKnownFileType = text.xcconfig; name = "Pods-OneWayDemo.debug.xcconfig"; path = "Pods/Target Support Files/Pods-OneWayDemo/Pods-OneWayDemo.debug.xcconfig"; sourceTree = "<group>"; };
		3B073F3E45036D332045D8D6 /* Pods_OneWayDemo.framework */ = {isa = PBXFileReference; explicitFileType = wrapper.framework; includeInIndex = 0; path = Pods_OneWayDemo.framework; sourceTree = BUILT_PRODUCTS_DIR; };
		4EC6EB95207DE6200069BDEA /* OneWayDemo.app */ = {isa = PBXFileReference; explicitFileType = wrapper.application; includeInIndex = 0; path = OneWayDemo.app; sourceTree = BUILT_PRODUCTS_DIR; };
		4EC6EB98207DE6200069BDEA /* AppDelegate.swift */ = {isa = PBXFileReference; lastKnownFileType = sourcecode.swift; path = AppDelegate.swift; sourceTree = "<group>"; };
		4EC6EB9A207DE6200069BDEA /* ViewController.swift */ = {isa = PBXFileReference; lastKnownFileType = sourcecode.swift; path = ViewController.swift; sourceTree = "<group>"; };
		4EC6EB9D207DE6200069BDEA /* Base */ = {isa = PBXFileReference; lastKnownFileType = file.storyboard; name = Base; path = Base.lproj/Main.storyboard; sourceTree = "<group>"; };
		4EC6EB9F207DE6220069BDEA /* Assets.xcassets */ = {isa = PBXFileReference; lastKnownFileType = folder.assetcatalog; path = Assets.xcassets; sourceTree = "<group>"; };
		4EC6EBA2207DE6220069BDEA /* Base */ = {isa = PBXFileReference; lastKnownFileType = file.storyboard; name = Base; path = Base.lproj/LaunchScreen.storyboard; sourceTree = "<group>"; };
		4EC6EBA4207DE6220069BDEA /* Info.plist */ = {isa = PBXFileReference; lastKnownFileType = text.plist.xml; path = Info.plist; sourceTree = "<group>"; };
		4EC6EBA9207DE6220069BDEA /* OneWayDemoTests.xctest */ = {isa = PBXFileReference; explicitFileType = wrapper.cfbundle; includeInIndex = 0; path = OneWayDemoTests.xctest; sourceTree = BUILT_PRODUCTS_DIR; };
		4EC6EBAD207DE6220069BDEA /* OneWayDemoTests.swift */ = {isa = PBXFileReference; lastKnownFileType = sourcecode.swift; path = OneWayDemoTests.swift; sourceTree = "<group>"; };
		4EC6EBAF207DE6220069BDEA /* Info.plist */ = {isa = PBXFileReference; lastKnownFileType = text.plist.xml; path = Info.plist; sourceTree = "<group>"; };
		4EC6EBB4207DE6220069BDEA /* OneWayDemoUITests.xctest */ = {isa = PBXFileReference; explicitFileType = wrapper.cfbundle; includeInIndex = 0; path = OneWayDemoUITests.xctest; sourceTree = BUILT_PRODUCTS_DIR; };
		4EC6EBB8207DE6220069BDEA /* OneWayDemoUITests.swift */ = {isa = PBXFileReference; lastKnownFileType = sourcecode.swift; path = OneWayDemoUITests.swift; sourceTree = "<group>"; };
		4EC6EBBA207DE6220069BDEA /* Info.plist */ = {isa = PBXFileReference; lastKnownFileType = text.plist.xml; path = Info.plist; sourceTree = "<group>"; };
		4EC6EBCA207DEB140069BDEA /* ToDoView.swift */ = {isa = PBXFileReference; lastKnownFileType = sourcecode.swift; path = ToDoView.swift; sourceTree = "<group>"; };
		4EC6EBCE207DEB660069BDEA /* Store.swift */ = {isa = PBXFileReference; lastKnownFileType = sourcecode.swift; path = Store.swift; sourceTree = "<group>"; };
		4EC6EBD0207DEC400069BDEA /* StatusBoxView.swift */ = {isa = PBXFileReference; lastKnownFileType = sourcecode.swift; path = StatusBoxView.swift; sourceTree = "<group>"; };
		4EE422D320834B4100835DF7 /* ToDoTableViewCell.swift */ = {isa = PBXFileReference; lastKnownFileType = sourcecode.swift; path = ToDoTableViewCell.swift; sourceTree = "<group>"; };
		4EE422D52084155500835DF7 /* ToDoTableView.swift */ = {isa = PBXFileReference; lastKnownFileType = sourcecode.swift; path = ToDoTableView.swift; sourceTree = "<group>"; };
		4EE422D92084711A00835DF7 /* ToDoDataManager.swift */ = {isa = PBXFileReference; fileEncoding = 4; lastKnownFileType = sourcecode.swift; path = ToDoDataManager.swift; sourceTree = "<group>"; };
		F2F6FB65C0F091489802DDE9 /* Pods-OneWayDemo.release.xcconfig */ = {isa = PBXFileReference; includeInIndex = 1; lastKnownFileType = text.xcconfig; name = "Pods-OneWayDemo.release.xcconfig"; path = "Pods/Target Support Files/Pods-OneWayDemo/Pods-OneWayDemo.release.xcconfig"; sourceTree = "<group>"; };
/* End PBXFileReference section */

/* Begin PBXFrameworksBuildPhase section */
		4EC6EB92207DE6200069BDEA /* Frameworks */ = {
			isa = PBXFrameworksBuildPhase;
			buildActionMask = 2147483647;
			files = (
				1C30E9E9884ACB2950ED6839 /* Pods_OneWayDemo.framework in Frameworks */,
			);
			runOnlyForDeploymentPostprocessing = 0;
		};
		4EC6EBA6207DE6220069BDEA /* Frameworks */ = {
			isa = PBXFrameworksBuildPhase;
			buildActionMask = 2147483647;
			files = (
			);
			runOnlyForDeploymentPostprocessing = 0;
		};
		4EC6EBB1207DE6220069BDEA /* Frameworks */ = {
			isa = PBXFrameworksBuildPhase;
			buildActionMask = 2147483647;
			files = (
			);
			runOnlyForDeploymentPostprocessing = 0;
		};
/* End PBXFrameworksBuildPhase section */

/* Begin PBXGroup section */
		4EC6EB8C207DE6200069BDEA = {
			isa = PBXGroup;
			children = (
				4EC6EB97207DE6200069BDEA /* OneWayDemo */,
				4EC6EBAC207DE6220069BDEA /* OneWayDemoTests */,
				4EC6EBB7207DE6220069BDEA /* OneWayDemoUITests */,
				4EC6EB96207DE6200069BDEA /* Products */,
				B02EFC869D788A3362E6C4F1 /* Pods */,
				5E2AC4356BDCEA1E399182E4 /* Frameworks */,
			);
			sourceTree = "<group>";
		};
		4EC6EB96207DE6200069BDEA /* Products */ = {
			isa = PBXGroup;
			children = (
				4EC6EB95207DE6200069BDEA /* OneWayDemo.app */,
				4EC6EBA9207DE6220069BDEA /* OneWayDemoTests.xctest */,
				4EC6EBB4207DE6220069BDEA /* OneWayDemoUITests.xctest */,
			);
			name = Products;
			sourceTree = "<group>";
		};
		4EC6EB97207DE6200069BDEA /* OneWayDemo */ = {
			isa = PBXGroup;
			children = (
				4EC6EB98207DE6200069BDEA /* AppDelegate.swift */,
				4EC6EBCE207DEB660069BDEA /* Store.swift */,
				4EC6EB9A207DE6200069BDEA /* ViewController.swift */,
				4EE422D52084155500835DF7 /* ToDoTableView.swift */,
				4EE422D320834B4100835DF7 /* ToDoTableViewCell.swift */,
				4EC6EBCA207DEB140069BDEA /* ToDoView.swift */,
				4EC6EBD0207DEC400069BDEA /* StatusBoxView.swift */,
				4EE422D92084711A00835DF7 /* ToDoDataManager.swift */,
				4EC6EB9C207DE6200069BDEA /* Main.storyboard */,
				4EC6EB9F207DE6220069BDEA /* Assets.xcassets */,
				4EC6EBA1207DE6220069BDEA /* LaunchScreen.storyboard */,
				4EC6EBA4207DE6220069BDEA /* Info.plist */,
			);
			path = OneWayDemo;
			sourceTree = "<group>";
		};
		4EC6EBAC207DE6220069BDEA /* OneWayDemoTests */ = {
			isa = PBXGroup;
			children = (
				4EC6EBAD207DE6220069BDEA /* OneWayDemoTests.swift */,
				4EC6EBAF207DE6220069BDEA /* Info.plist */,
			);
			path = OneWayDemoTests;
			sourceTree = "<group>";
		};
		4EC6EBB7207DE6220069BDEA /* OneWayDemoUITests */ = {
			isa = PBXGroup;
			children = (
				4EC6EBB8207DE6220069BDEA /* OneWayDemoUITests.swift */,
				4EC6EBBA207DE6220069BDEA /* Info.plist */,
			);
			path = OneWayDemoUITests;
			sourceTree = "<group>";
		};
		5E2AC4356BDCEA1E399182E4 /* Frameworks */ = {
			isa = PBXGroup;
			children = (
				3B073F3E45036D332045D8D6 /* Pods_OneWayDemo.framework */,
			);
			name = Frameworks;
			sourceTree = "<group>";
		};
		B02EFC869D788A3362E6C4F1 /* Pods */ = {
			isa = PBXGroup;
			children = (
				284730DC6D6C100C049B8BA1 /* Pods-OneWayDemo.debug.xcconfig */,
				F2F6FB65C0F091489802DDE9 /* Pods-OneWayDemo.release.xcconfig */,
			);
			name = Pods;
			sourceTree = "<group>";
		};
/* End PBXGroup section */

/* Begin PBXNativeTarget section */
		4EC6EB94207DE6200069BDEA /* OneWayDemo */ = {
			isa = PBXNativeTarget;
			buildConfigurationList = 4EC6EBBD207DE6220069BDEA /* Build configuration list for PBXNativeTarget "OneWayDemo" */;
			buildPhases = (
				95EAA743D180F42E68F38611 /* [CP] Check Pods Manifest.lock */,
				4EC6EB91207DE6200069BDEA /* Sources */,
				4EC6EB92207DE6200069BDEA /* Frameworks */,
				4EC6EB93207DE6200069BDEA /* Resources */,
				09F8ADC3CADC2CD0258272F2 /* [CP] Embed Pods Frameworks */,
				F814C16B93A175B89FB25897 /* [CP] Copy Pods Resources */,
			);
			buildRules = (
			);
			dependencies = (
			);
			name = OneWayDemo;
			productName = OneWayDemo;
			productReference = 4EC6EB95207DE6200069BDEA /* OneWayDemo.app */;
			productType = "com.apple.product-type.application";
		};
		4EC6EBA8207DE6220069BDEA /* OneWayDemoTests */ = {
			isa = PBXNativeTarget;
			buildConfigurationList = 4EC6EBC0207DE6220069BDEA /* Build configuration list for PBXNativeTarget "OneWayDemoTests" */;
			buildPhases = (
				4EC6EBA5207DE6220069BDEA /* Sources */,
				4EC6EBA6207DE6220069BDEA /* Frameworks */,
				4EC6EBA7207DE6220069BDEA /* Resources */,
			);
			buildRules = (
			);
			dependencies = (
				4EC6EBAB207DE6220069BDEA /* PBXTargetDependency */,
			);
			name = OneWayDemoTests;
			productName = OneWayDemoTests;
			productReference = 4EC6EBA9207DE6220069BDEA /* OneWayDemoTests.xctest */;
			productType = "com.apple.product-type.bundle.unit-test";
		};
		4EC6EBB3207DE6220069BDEA /* OneWayDemoUITests */ = {
			isa = PBXNativeTarget;
			buildConfigurationList = 4EC6EBC3207DE6220069BDEA /* Build configuration list for PBXNativeTarget "OneWayDemoUITests" */;
			buildPhases = (
				4EC6EBB0207DE6220069BDEA /* Sources */,
				4EC6EBB1207DE6220069BDEA /* Frameworks */,
				4EC6EBB2207DE6220069BDEA /* Resources */,
			);
			buildRules = (
			);
			dependencies = (
				4EC6EBB6207DE6220069BDEA /* PBXTargetDependency */,
			);
			name = OneWayDemoUITests;
			productName = OneWayDemoUITests;
			productReference = 4EC6EBB4207DE6220069BDEA /* OneWayDemoUITests.xctest */;
			productType = "com.apple.product-type.bundle.ui-testing";
		};
/* End PBXNativeTarget section */

/* Begin PBXProject section */
		4EC6EB8D207DE6200069BDEA /* Project object */ = {
			isa = PBXProject;
			attributes = {
				LastSwiftUpdateCheck = 0930;
				LastUpgradeCheck = 0930;
				ORGANIZATIONNAME = Toki;
				TargetAttributes = {
					4EC6EB94207DE6200069BDEA = {
						CreatedOnToolsVersion = 9.3;
					};
					4EC6EBA8207DE6220069BDEA = {
						CreatedOnToolsVersion = 9.3;
						TestTargetID = 4EC6EB94207DE6200069BDEA;
					};
					4EC6EBB3207DE6220069BDEA = {
						CreatedOnToolsVersion = 9.3;
						TestTargetID = 4EC6EB94207DE6200069BDEA;
					};
				};
			};
			buildConfigurationList = 4EC6EB90207DE6200069BDEA /* Build configuration list for PBXProject "OneWayDemo" */;
			compatibilityVersion = "Xcode 9.3";
			developmentRegion = en;
			hasScannedForEncodings = 0;
			knownRegions = (
				en,
				Base,
			);
			mainGroup = 4EC6EB8C207DE6200069BDEA;
			productRefGroup = 4EC6EB96207DE6200069BDEA /* Products */;
			projectDirPath = "";
			projectRoot = "";
			targets = (
				4EC6EB94207DE6200069BDEA /* OneWayDemo */,
				4EC6EBA8207DE6220069BDEA /* OneWayDemoTests */,
				4EC6EBB3207DE6220069BDEA /* OneWayDemoUITests */,
			);
		};
/* End PBXProject section */

/* Begin PBXResourcesBuildPhase section */
		4EC6EB93207DE6200069BDEA /* Resources */ = {
			isa = PBXResourcesBuildPhase;
			buildActionMask = 2147483647;
			files = (
				4EC6EBA3207DE6220069BDEA /* LaunchScreen.storyboard in Resources */,
				4EC6EBA0207DE6220069BDEA /* Assets.xcassets in Resources */,
				4EC6EB9E207DE6200069BDEA /* Main.storyboard in Resources */,
			);
			runOnlyForDeploymentPostprocessing = 0;
		};
		4EC6EBA7207DE6220069BDEA /* Resources */ = {
			isa = PBXResourcesBuildPhase;
			buildActionMask = 2147483647;
			files = (
			);
			runOnlyForDeploymentPostprocessing = 0;
		};
		4EC6EBB2207DE6220069BDEA /* Resources */ = {
			isa = PBXResourcesBuildPhase;
			buildActionMask = 2147483647;
			files = (
			);
			runOnlyForDeploymentPostprocessing = 0;
		};
/* End PBXResourcesBuildPhase section */

/* Begin PBXShellScriptBuildPhase section */
		09F8ADC3CADC2CD0258272F2 /* [CP] Embed Pods Frameworks */ = {
			isa = PBXShellScriptBuildPhase;
			buildActionMask = 2147483647;
			files = (
			);
			inputPaths = (
				"${SRCROOT}/Pods/Target Support Files/Pods-OneWayDemo/Pods-OneWayDemo-frameworks.sh",
				"${BUILT_PRODUCTS_DIR}/Alamofire/Alamofire.framework",
				"${BUILT_PRODUCTS_DIR}/CocoaLumberjack/CocoaLumberjack.framework",
				"${BUILT_PRODUCTS_DIR}/Differentiator/Differentiator.framework",
				"${BUILT_PRODUCTS_DIR}/FreeStreamer/FreeStreamer.framework",
				"${BUILT_PRODUCTS_DIR}/HappyDNS/HappyDNS.framework",
				"${BUILT_PRODUCTS_DIR}/Kingfisher/Kingfisher.framework",
				"${BUILT_PRODUCTS_DIR}/MGSwipeTableCell/MGSwipeTableCell.framework",
				"${BUILT_PRODUCTS_DIR}/Moya/Moya.framework",
				"${BUILT_PRODUCTS_DIR}/NSObject+Rx/NSObject_Rx.framework",
				"${BUILT_PRODUCTS_DIR}/ObjectMapper/ObjectMapper.framework",
				"${BUILT_PRODUCTS_DIR}/ObjectMapper+Realm/ObjectMapper_Realm.framework",
				"${BUILT_PRODUCTS_DIR}/OpenUDID/OpenUDID.framework",
				"${BUILT_PRODUCTS_DIR}/PKHUD/PKHUD.framework",
				"${BUILT_PRODUCTS_DIR}/Qiniu/Qiniu.framework",
				"${BUILT_PRODUCTS_DIR}/R.swift.Library/Rswift.framework",
				"${BUILT_PRODUCTS_DIR}/Reachability/Reachability.framework",
				"${BUILT_PRODUCTS_DIR}/Realm/Realm.framework",
				"${BUILT_PRODUCTS_DIR}/RealmSwift/RealmSwift.framework",
				"${BUILT_PRODUCTS_DIR}/Result/Result.framework",
				"${BUILT_PRODUCTS_DIR}/RxCocoa/RxCocoa.framework",
				"${BUILT_PRODUCTS_DIR}/RxDataSources/RxDataSources.framework",
				"${BUILT_PRODUCTS_DIR}/RxSwift/RxSwift.framework",
				"${BUILT_PRODUCTS_DIR}/SnapKit/SnapKit.framework",
				"${BUILT_PRODUCTS_DIR}/Spring/Spring.framework",
				"${BUILT_PRODUCTS_DIR}/SwiftProtobuf/SwiftProtobuf.framework",
				"${BUILT_PRODUCTS_DIR}/URLNavigator/URLNavigator.framework",
			);
			name = "[CP] Embed Pods Frameworks";
			outputPaths = (
				"${TARGET_BUILD_DIR}/${FRAMEWORKS_FOLDER_PATH}/Alamofire.framework",
				"${TARGET_BUILD_DIR}/${FRAMEWORKS_FOLDER_PATH}/CocoaLumberjack.framework",
				"${TARGET_BUILD_DIR}/${FRAMEWORKS_FOLDER_PATH}/Differentiator.framework",
				"${TARGET_BUILD_DIR}/${FRAMEWORKS_FOLDER_PATH}/FreeStreamer.framework",
				"${TARGET_BUILD_DIR}/${FRAMEWORKS_FOLDER_PATH}/HappyDNS.framework",
				"${TARGET_BUILD_DIR}/${FRAMEWORKS_FOLDER_PATH}/Kingfisher.framework",
				"${TARGET_BUILD_DIR}/${FRAMEWORKS_FOLDER_PATH}/MGSwipeTableCell.framework",
				"${TARGET_BUILD_DIR}/${FRAMEWORKS_FOLDER_PATH}/Moya.framework",
				"${TARGET_BUILD_DIR}/${FRAMEWORKS_FOLDER_PATH}/NSObject_Rx.framework",
				"${TARGET_BUILD_DIR}/${FRAMEWORKS_FOLDER_PATH}/ObjectMapper.framework",
				"${TARGET_BUILD_DIR}/${FRAMEWORKS_FOLDER_PATH}/ObjectMapper_Realm.framework",
				"${TARGET_BUILD_DIR}/${FRAMEWORKS_FOLDER_PATH}/OpenUDID.framework",
				"${TARGET_BUILD_DIR}/${FRAMEWORKS_FOLDER_PATH}/PKHUD.framework",
				"${TARGET_BUILD_DIR}/${FRAMEWORKS_FOLDER_PATH}/Qiniu.framework",
				"${TARGET_BUILD_DIR}/${FRAMEWORKS_FOLDER_PATH}/Rswift.framework",
				"${TARGET_BUILD_DIR}/${FRAMEWORKS_FOLDER_PATH}/Reachability.framework",
				"${TARGET_BUILD_DIR}/${FRAMEWORKS_FOLDER_PATH}/Realm.framework",
				"${TARGET_BUILD_DIR}/${FRAMEWORKS_FOLDER_PATH}/RealmSwift.framework",
				"${TARGET_BUILD_DIR}/${FRAMEWORKS_FOLDER_PATH}/Result.framework",
				"${TARGET_BUILD_DIR}/${FRAMEWORKS_FOLDER_PATH}/RxCocoa.framework",
				"${TARGET_BUILD_DIR}/${FRAMEWORKS_FOLDER_PATH}/RxDataSources.framework",
				"${TARGET_BUILD_DIR}/${FRAMEWORKS_FOLDER_PATH}/RxSwift.framework",
				"${TARGET_BUILD_DIR}/${FRAMEWORKS_FOLDER_PATH}/SnapKit.framework",
				"${TARGET_BUILD_DIR}/${FRAMEWORKS_FOLDER_PATH}/Spring.framework",
				"${TARGET_BUILD_DIR}/${FRAMEWORKS_FOLDER_PATH}/SwiftProtobuf.framework",
				"${TARGET_BUILD_DIR}/${FRAMEWORKS_FOLDER_PATH}/URLNavigator.framework",
			);
			runOnlyForDeploymentPostprocessing = 0;
			shellPath = /bin/sh;
			shellScript = "\"${SRCROOT}/Pods/Target Support Files/Pods-OneWayDemo/Pods-OneWayDemo-frameworks.sh\"\n";
			showEnvVarsInLog = 0;
		};
		95EAA743D180F42E68F38611 /* [CP] Check Pods Manifest.lock */ = {
			isa = PBXShellScriptBuildPhase;
			buildActionMask = 2147483647;
			files = (
			);
			inputPaths = (
				"${PODS_PODFILE_DIR_PATH}/Podfile.lock",
				"${PODS_ROOT}/Manifest.lock",
			);
			name = "[CP] Check Pods Manifest.lock";
			outputPaths = (
				"$(DERIVED_FILE_DIR)/Pods-OneWayDemo-checkManifestLockResult.txt",
			);
			runOnlyForDeploymentPostprocessing = 0;
			shellPath = /bin/sh;
			shellScript = "diff \"${PODS_PODFILE_DIR_PATH}/Podfile.lock\" \"${PODS_ROOT}/Manifest.lock\" > /dev/null\nif [ $? != 0 ] ; then\n    # print error to STDERR\n    echo \"error: The sandbox is not in sync with the Podfile.lock. Run 'pod install' or update your CocoaPods installation.\" >&2\n    exit 1\nfi\n# This output is used by Xcode 'outputs' to avoid re-running this script phase.\necho \"SUCCESS\" > \"${SCRIPT_OUTPUT_FILE_0}\"\n";
			showEnvVarsInLog = 0;
		};
		F814C16B93A175B89FB25897 /* [CP] Copy Pods Resources */ = {
			isa = PBXShellScriptBuildPhase;
			buildActionMask = 2147483647;
			files = (
			);
			inputPaths = (
				"${SRCROOT}/Pods/Target Support Files/Pods-OneWayDemo/Pods-OneWayDemo-resources.sh",
				"${PODS_ROOT}/UMengUShare/UShareSDK/UMSocialSDK/UMSocialSDKPromptResources.bundle",
				"${PODS_ROOT}/UMengUShare/UShareSDK/SocialLibraries/QQ/QQSDK/TencentOpenApi_IOS_Bundle.bundle",
				"${PODS_ROOT}/UMengUShare/UShareSDK/SocialLibraries/Sina/SinaSDK/WeiboSDK.bundle",
				"${PODS_ROOT}/UMengUShare/UShareSDK/UMSocialUI/UMSocialSDKResources.bundle",
			);
			name = "[CP] Copy Pods Resources";
			outputPaths = (
				"${TARGET_BUILD_DIR}/${UNLOCALIZED_RESOURCES_FOLDER_PATH}/UMSocialSDKPromptResources.bundle",
				"${TARGET_BUILD_DIR}/${UNLOCALIZED_RESOURCES_FOLDER_PATH}/TencentOpenApi_IOS_Bundle.bundle",
				"${TARGET_BUILD_DIR}/${UNLOCALIZED_RESOURCES_FOLDER_PATH}/WeiboSDK.bundle",
				"${TARGET_BUILD_DIR}/${UNLOCALIZED_RESOURCES_FOLDER_PATH}/UMSocialSDKResources.bundle",
			);
			runOnlyForDeploymentPostprocessing = 0;
			shellPath = /bin/sh;
			shellScript = "\"${SRCROOT}/Pods/Target Support Files/Pods-OneWayDemo/Pods-OneWayDemo-resources.sh\"\n";
			showEnvVarsInLog = 0;
		};
/* End PBXShellScriptBuildPhase section */

/* Begin PBXSourcesBuildPhase section */
		4EC6EB91207DE6200069BDEA /* Sources */ = {
			isa = PBXSourcesBuildPhase;
			buildActionMask = 2147483647;
			files = (
				4EE422D62084155500835DF7 /* ToDoTableView.swift in Sources */,
				4EC6EBCF207DEB660069BDEA /* Store.swift in Sources */,
				4EC6EB9B207DE6200069BDEA /* ViewController.swift in Sources */,
				4EE422D420834B4100835DF7 /* ToDoTableViewCell.swift in Sources */,
				4EC6EBD1207DEC400069BDEA /* StatusBoxView.swift in Sources */,
				4EC6EBCB207DEB140069BDEA /* ToDoView.swift in Sources */,
				4EC6EB99207DE6200069BDEA /* AppDelegate.swift in Sources */,
				4EE422DA2084711A00835DF7 /* ToDoDataManager.swift in Sources */,
			);
			runOnlyForDeploymentPostprocessing = 0;
		};
		4EC6EBA5207DE6220069BDEA /* Sources */ = {
			isa = PBXSourcesBuildPhase;
			buildActionMask = 2147483647;
			files = (
				4EC6EBAE207DE6220069BDEA /* OneWayDemoTests.swift in Sources */,
			);
			runOnlyForDeploymentPostprocessing = 0;
		};
		4EC6EBB0207DE6220069BDEA /* Sources */ = {
			isa = PBXSourcesBuildPhase;
			buildActionMask = 2147483647;
			files = (
				4EC6EBB9207DE6220069BDEA /* OneWayDemoUITests.swift in Sources */,
			);
			runOnlyForDeploymentPostprocessing = 0;
		};
/* End PBXSourcesBuildPhase section */

/* Begin PBXTargetDependency section */
		4EC6EBAB207DE6220069BDEA /* PBXTargetDependency */ = {
			isa = PBXTargetDependency;
			target = 4EC6EB94207DE6200069BDEA /* OneWayDemo */;
			targetProxy = 4EC6EBAA207DE6220069BDEA /* PBXContainerItemProxy */;
		};
		4EC6EBB6207DE6220069BDEA /* PBXTargetDependency */ = {
			isa = PBXTargetDependency;
			target = 4EC6EB94207DE6200069BDEA /* OneWayDemo */;
			targetProxy = 4EC6EBB5207DE6220069BDEA /* PBXContainerItemProxy */;
		};
/* End PBXTargetDependency section */

/* Begin PBXVariantGroup section */
		4EC6EB9C207DE6200069BDEA /* Main.storyboard */ = {
			isa = PBXVariantGroup;
			children = (
				4EC6EB9D207DE6200069BDEA /* Base */,
			);
			name = Main.storyboard;
			sourceTree = "<group>";
		};
		4EC6EBA1207DE6220069BDEA /* LaunchScreen.storyboard */ = {
			isa = PBXVariantGroup;
			children = (
				4EC6EBA2207DE6220069BDEA /* Base */,
			);
			name = LaunchScreen.storyboard;
			sourceTree = "<group>";
		};
/* End PBXVariantGroup section */

/* Begin XCBuildConfiguration section */
		4EC6EBBB207DE6220069BDEA /* Debug */ = {
			isa = XCBuildConfiguration;
			buildSettings = {
				ALWAYS_SEARCH_USER_PATHS = NO;
				CLANG_ANALYZER_NONNULL = YES;
				CLANG_ANALYZER_NUMBER_OBJECT_CONVERSION = YES_AGGRESSIVE;
				CLANG_CXX_LANGUAGE_STANDARD = "gnu++14";
				CLANG_CXX_LIBRARY = "libc++";
				CLANG_ENABLE_MODULES = YES;
				CLANG_ENABLE_OBJC_ARC = YES;
				CLANG_ENABLE_OBJC_WEAK = YES;
				CLANG_WARN_BLOCK_CAPTURE_AUTORELEASING = YES;
				CLANG_WARN_BOOL_CONVERSION = YES;
				CLANG_WARN_COMMA = YES;
				CLANG_WARN_CONSTANT_CONVERSION = YES;
				CLANG_WARN_DEPRECATED_OBJC_IMPLEMENTATIONS = YES;
				CLANG_WARN_DIRECT_OBJC_ISA_USAGE = YES_ERROR;
				CLANG_WARN_DOCUMENTATION_COMMENTS = YES;
				CLANG_WARN_EMPTY_BODY = YES;
				CLANG_WARN_ENUM_CONVERSION = YES;
				CLANG_WARN_INFINITE_RECURSION = YES;
				CLANG_WARN_INT_CONVERSION = YES;
				CLANG_WARN_NON_LITERAL_NULL_CONVERSION = YES;
				CLANG_WARN_OBJC_IMPLICIT_RETAIN_SELF = YES;
				CLANG_WARN_OBJC_LITERAL_CONVERSION = YES;
				CLANG_WARN_OBJC_ROOT_CLASS = YES_ERROR;
				CLANG_WARN_RANGE_LOOP_ANALYSIS = YES;
				CLANG_WARN_STRICT_PROTOTYPES = YES;
				CLANG_WARN_SUSPICIOUS_MOVE = YES;
				CLANG_WARN_UNGUARDED_AVAILABILITY = YES_AGGRESSIVE;
				CLANG_WARN_UNREACHABLE_CODE = YES;
				CLANG_WARN__DUPLICATE_METHOD_MATCH = YES;
				CODE_SIGN_IDENTITY = "iPhone Developer";
				COPY_PHASE_STRIP = NO;
				DEBUG_INFORMATION_FORMAT = dwarf;
				ENABLE_STRICT_OBJC_MSGSEND = YES;
				ENABLE_TESTABILITY = YES;
				GCC_C_LANGUAGE_STANDARD = gnu11;
				GCC_DYNAMIC_NO_PIC = NO;
				GCC_NO_COMMON_BLOCKS = YES;
				GCC_OPTIMIZATION_LEVEL = 0;
				GCC_PREPROCESSOR_DEFINITIONS = (
					"DEBUG=1",
					"$(inherited)",
				);
				GCC_WARN_64_TO_32_BIT_CONVERSION = YES;
				GCC_WARN_ABOUT_RETURN_TYPE = YES_ERROR;
				GCC_WARN_UNDECLARED_SELECTOR = YES;
				GCC_WARN_UNINITIALIZED_AUTOS = YES_AGGRESSIVE;
				GCC_WARN_UNUSED_FUNCTION = YES;
				GCC_WARN_UNUSED_VARIABLE = YES;
				IPHONEOS_DEPLOYMENT_TARGET = 11.3;
				MTL_ENABLE_DEBUG_INFO = YES;
				ONLY_ACTIVE_ARCH = YES;
				SDKROOT = iphoneos;
				SWIFT_ACTIVE_COMPILATION_CONDITIONS = DEBUG;
				SWIFT_OPTIMIZATION_LEVEL = "-Onone";
			};
			name = Debug;
		};
		4EC6EBBC207DE6220069BDEA /* Release */ = {
			isa = XCBuildConfiguration;
			buildSettings = {
				ALWAYS_SEARCH_USER_PATHS = NO;
				CLANG_ANALYZER_NONNULL = YES;
				CLANG_ANALYZER_NUMBER_OBJECT_CONVERSION = YES_AGGRESSIVE;
				CLANG_CXX_LANGUAGE_STANDARD = "gnu++14";
				CLANG_CXX_LIBRARY = "libc++";
				CLANG_ENABLE_MODULES = YES;
				CLANG_ENABLE_OBJC_ARC = YES;
				CLANG_ENABLE_OBJC_WEAK = YES;
				CLANG_WARN_BLOCK_CAPTURE_AUTORELEASING = YES;
				CLANG_WARN_BOOL_CONVERSION = YES;
				CLANG_WARN_COMMA = YES;
				CLANG_WARN_CONSTANT_CONVERSION = YES;
				CLANG_WARN_DEPRECATED_OBJC_IMPLEMENTATIONS = YES;
				CLANG_WARN_DIRECT_OBJC_ISA_USAGE = YES_ERROR;
				CLANG_WARN_DOCUMENTATION_COMMENTS = YES;
				CLANG_WARN_EMPTY_BODY = YES;
				CLANG_WARN_ENUM_CONVERSION = YES;
				CLANG_WARN_INFINITE_RECURSION = YES;
				CLANG_WARN_INT_CONVERSION = YES;
				CLANG_WARN_NON_LITERAL_NULL_CONVERSION = YES;
				CLANG_WARN_OBJC_IMPLICIT_RETAIN_SELF = YES;
				CLANG_WARN_OBJC_LITERAL_CONVERSION = YES;
				CLANG_WARN_OBJC_ROOT_CLASS = YES_ERROR;
				CLANG_WARN_RANGE_LOOP_ANALYSIS = YES;
				CLANG_WARN_STRICT_PROTOTYPES = YES;
				CLANG_WARN_SUSPICIOUS_MOVE = YES;
				CLANG_WARN_UNGUARDED_AVAILABILITY = YES_AGGRESSIVE;
				CLANG_WARN_UNREACHABLE_CODE = YES;
				CLANG_WARN__DUPLICATE_METHOD_MATCH = YES;
				CODE_SIGN_IDENTITY = "iPhone Developer";
				COPY_PHASE_STRIP = NO;
				DEBUG_INFORMATION_FORMAT = "dwarf-with-dsym";
				ENABLE_NS_ASSERTIONS = NO;
				ENABLE_STRICT_OBJC_MSGSEND = YES;
				GCC_C_LANGUAGE_STANDARD = gnu11;
				GCC_NO_COMMON_BLOCKS = YES;
				GCC_WARN_64_TO_32_BIT_CONVERSION = YES;
				GCC_WARN_ABOUT_RETURN_TYPE = YES_ERROR;
				GCC_WARN_UNDECLARED_SELECTOR = YES;
				GCC_WARN_UNINITIALIZED_AUTOS = YES_AGGRESSIVE;
				GCC_WARN_UNUSED_FUNCTION = YES;
				GCC_WARN_UNUSED_VARIABLE = YES;
				IPHONEOS_DEPLOYMENT_TARGET = 11.3;
				MTL_ENABLE_DEBUG_INFO = NO;
				SDKROOT = iphoneos;
				SWIFT_COMPILATION_MODE = wholemodule;
				SWIFT_OPTIMIZATION_LEVEL = "-O";
				VALIDATE_PRODUCT = YES;
			};
			name = Release;
		};
		4EC6EBBE207DE6220069BDEA /* Debug */ = {
			isa = XCBuildConfiguration;
			baseConfigurationReference = 284730DC6D6C100C049B8BA1 /* Pods-OneWayDemo.debug.xcconfig */;
			buildSettings = {
				ASSETCATALOG_COMPILER_APPICON_NAME = AppIcon;
				CODE_SIGN_STYLE = Automatic;
				DEVELOPMENT_TEAM = 466T2LS7MJ;
				INFOPLIST_FILE = OneWayDemo/Info.plist;
				LD_RUNPATH_SEARCH_PATHS = (
					"$(inherited)",
					"@executable_path/Frameworks",
				);
				PRODUCT_BUNDLE_IDENTIFIER = TK.OneWayDemo;
				PRODUCT_NAME = "$(TARGET_NAME)";
				SWIFT_VERSION = 4.0;
				TARGETED_DEVICE_FAMILY = "1,2";
			};
			name = Debug;
		};
		4EC6EBBF207DE6220069BDEA /* Release */ = {
			isa = XCBuildConfiguration;
			baseConfigurationReference = F2F6FB65C0F091489802DDE9 /* Pods-OneWayDemo.release.xcconfig */;
			buildSettings = {
				ASSETCATALOG_COMPILER_APPICON_NAME = AppIcon;
				CODE_SIGN_STYLE = Automatic;
				DEVELOPMENT_TEAM = 466T2LS7MJ;
				INFOPLIST_FILE = OneWayDemo/Info.plist;
				LD_RUNPATH_SEARCH_PATHS = (
					"$(inherited)",
					"@executable_path/Frameworks",
				);
				PRODUCT_BUNDLE_IDENTIFIER = TK.OneWayDemo;
				PRODUCT_NAME = "$(TARGET_NAME)";
				SWIFT_VERSION = 4.0;
				TARGETED_DEVICE_FAMILY = "1,2";
			};
			name = Release;
		};
		4EC6EBC1207DE6220069BDEA /* Debug */ = {
			isa = XCBuildConfiguration;
			buildSettings = {
				ALWAYS_EMBED_SWIFT_STANDARD_LIBRARIES = YES;
				BUNDLE_LOADER = "$(TEST_HOST)";
				CODE_SIGN_STYLE = Automatic;
				DEVELOPMENT_TEAM = 466T2LS7MJ;
				INFOPLIST_FILE = OneWayDemoTests/Info.plist;
				LD_RUNPATH_SEARCH_PATHS = (
					"$(inherited)",
					"@executable_path/Frameworks",
					"@loader_path/Frameworks",
				);
				PRODUCT_BUNDLE_IDENTIFIER = TK.OneWayDemoTests;
				PRODUCT_NAME = "$(TARGET_NAME)";
				SWIFT_VERSION = 4.0;
				TARGETED_DEVICE_FAMILY = "1,2";
				TEST_HOST = "$(BUILT_PRODUCTS_DIR)/OneWayDemo.app/OneWayDemo";
			};
			name = Debug;
		};
		4EC6EBC2207DE6220069BDEA /* Release */ = {
			isa = XCBuildConfiguration;
			buildSettings = {
				ALWAYS_EMBED_SWIFT_STANDARD_LIBRARIES = YES;
				BUNDLE_LOADER = "$(TEST_HOST)";
				CODE_SIGN_STYLE = Automatic;
				DEVELOPMENT_TEAM = 466T2LS7MJ;
				INFOPLIST_FILE = OneWayDemoTests/Info.plist;
				LD_RUNPATH_SEARCH_PATHS = (
					"$(inherited)",
					"@executable_path/Frameworks",
					"@loader_path/Frameworks",
				);
				PRODUCT_BUNDLE_IDENTIFIER = TK.OneWayDemoTests;
				PRODUCT_NAME = "$(TARGET_NAME)";
				SWIFT_VERSION = 4.0;
				TARGETED_DEVICE_FAMILY = "1,2";
				TEST_HOST = "$(BUILT_PRODUCTS_DIR)/OneWayDemo.app/OneWayDemo";
			};
			name = Release;
		};
		4EC6EBC4207DE6220069BDEA /* Debug */ = {
			isa = XCBuildConfiguration;
			buildSettings = {
				ALWAYS_EMBED_SWIFT_STANDARD_LIBRARIES = YES;
				CODE_SIGN_STYLE = Automatic;
				DEVELOPMENT_TEAM = 466T2LS7MJ;
				INFOPLIST_FILE = OneWayDemoUITests/Info.plist;
				LD_RUNPATH_SEARCH_PATHS = (
					"$(inherited)",
					"@executable_path/Frameworks",
					"@loader_path/Frameworks",
				);
				PRODUCT_BUNDLE_IDENTIFIER = TK.OneWayDemoUITests;
				PRODUCT_NAME = "$(TARGET_NAME)";
				SWIFT_VERSION = 4.0;
				TARGETED_DEVICE_FAMILY = "1,2";
				TEST_TARGET_NAME = OneWayDemo;
			};
			name = Debug;
		};
		4EC6EBC5207DE6220069BDEA /* Release */ = {
			isa = XCBuildConfiguration;
			buildSettings = {
				ALWAYS_EMBED_SWIFT_STANDARD_LIBRARIES = YES;
				CODE_SIGN_STYLE = Automatic;
				DEVELOPMENT_TEAM = 466T2LS7MJ;
				INFOPLIST_FILE = OneWayDemoUITests/Info.plist;
				LD_RUNPATH_SEARCH_PATHS = (
					"$(inherited)",
					"@executable_path/Frameworks",
					"@loader_path/Frameworks",
				);
				PRODUCT_BUNDLE_IDENTIFIER = TK.OneWayDemoUITests;
				PRODUCT_NAME = "$(TARGET_NAME)";
				SWIFT_VERSION = 4.0;
				TARGETED_DEVICE_FAMILY = "1,2";
				TEST_TARGET_NAME = OneWayDemo;
			};
			name = Release;
		};
/* End XCBuildConfiguration section */

/* Begin XCConfigurationList section */
		4EC6EB90207DE6200069BDEA /* Build configuration list for PBXProject "OneWayDemo" */ = {
			isa = XCConfigurationList;
			buildConfigurations = (
				4EC6EBBB207DE6220069BDEA /* Debug */,
				4EC6EBBC207DE6220069BDEA /* Release */,
			);
			defaultConfigurationIsVisible = 0;
			defaultConfigurationName = Release;
		};
		4EC6EBBD207DE6220069BDEA /* Build configuration list for PBXNativeTarget "OneWayDemo" */ = {
			isa = XCConfigurationList;
			buildConfigurations = (
				4EC6EBBE207DE6220069BDEA /* Debug */,
				4EC6EBBF207DE6220069BDEA /* Release */,
			);
			defaultConfigurationIsVisible = 0;
			defaultConfigurationName = Release;
		};
		4EC6EBC0207DE6220069BDEA /* Build configuration list for PBXNativeTarget "OneWayDemoTests" */ = {
			isa = XCConfigurationList;
			buildConfigurations = (
				4EC6EBC1207DE6220069BDEA /* Debug */,
				4EC6EBC2207DE6220069BDEA /* Release */,
			);
			defaultConfigurationIsVisible = 0;
			defaultConfigurationName = Release;
		};
		4EC6EBC3207DE6220069BDEA /* Build configuration list for PBXNativeTarget "OneWayDemoUITests" */ = {
			isa = XCConfigurationList;
			buildConfigurations = (
				4EC6EBC4207DE6220069BDEA /* Debug */,
				4EC6EBC5207DE6220069BDEA /* Release */,
			);
			defaultConfigurationIsVisible = 0;
			defaultConfigurationName = Release;
		};
/* End XCConfigurationList section */
	};
	rootObject = 4EC6EB8D207DE6200069BDEA /* Project object */;
}
